// !$*UTF8*$!
{
	archiveVersion = 1;
	classes = {
	};
	objectVersion = 56;
	objects = {

/* Begin PBXBuildFile section */
		1F0E78A97F4997F95C5D344A /* AppDependencies+Data.swift in Sources */ = {isa = PBXBuildFile; fileRef = A38DFA883DC2F69029EF6FA1 /* AppDependencies+Data.swift */; };
		3DF9A6B358C46200A16559E9 /* AppDependencies.swift in Sources */ = {isa = PBXBuildFile; fileRef = 3B42A77695251DE20E3A3372 /* AppDependencies.swift */; };
		653ABD036BCC19A5F090068E /* MainTabView.swift in Sources */ = {isa = PBXBuildFile; fileRef = 71F426B9A4641BD87BFBC779 /* MainTabView.swift */; };
		020ADF5043E5591121EA4BD5 /* MileagePocketApp.swift in Sources */ = {isa = PBXBuildFile; fileRef = D35513ED3D57158239A87DAE /* MileagePocketApp.swift */; };
		89747BD45088447E6FD467BE /* RootView.swift in Sources */ = {isa = PBXBuildFile; fileRef = 6A01F56928DFCE630027E76A /* RootView.swift */; };
		5C3DC335B9A9F6E534FAE8FE /* AccessPolicy.swift in Sources */ = {isa = PBXBuildFile; fileRef = D3177FF925968B75A0261A88 /* AccessPolicy.swift */; };
		16B6F9E629335424C93EE433 /* InstallDateStore.swift in Sources */ = {isa = PBXBuildFile; fileRef = 680A7F8730B76831AE6DF07D /* InstallDateStore.swift */; };
		E46D0B7516DC3E3796E7EC0B /* CountryCatalog.swift in Sources */ = {isa = PBXBuildFile; fileRef = 8D3B54F4C9D267DE9456BEB5 /* CountryCatalog.swift */; };
		47DC2F36564B3FF750CDF14B /* DemoMode.swift in Sources */ = {isa = PBXBuildFile; fileRef = 92914F57925F3DFE070C7DF2 /* DemoMode.swift */; };
		1A0DBB9334581BB5FC6198D4 /* Components.swift in Sources */ = {isa = PBXBuildFile; fileRef = 9F2C042AACAE1B575F399224 /* Components.swift */; };
		AF77CB0A3DE5173629913F5A /* Theme.swift in Sources */ = {isa = PBXBuildFile; fileRef = B5D535C95B366362BC90522B /* Theme.swift */; };
		5486E0F2B4402DBE935D608E /* Typography.swift in Sources */ = {isa = PBXBuildFile; fileRef = 40B94BE13BC451928C72F457 /* Typography.swift */; };
		6D82BD41636D8F7D4D19AFD4 /* MeasurementFormatting.swift in Sources */ = {isa = PBXBuildFile; fileRef = 6DDC97BDD5EEB65157311CDE /* MeasurementFormatting.swift */; };
		6A6D00F8BBCDEFF5273AA7F5 /* AppLanguage.swift in Sources */ = {isa = PBXBuildFile; fileRef = 22FFD3C21306BED536A83EA9 /* AppLanguage.swift */; };
		6C07FB9F5362170E7C3C4EE2 /* LanguageResolver.swift in Sources */ = {isa = PBXBuildFile; fileRef = 5A6425EE3746E22689C0E15B /* LanguageResolver.swift */; };
		5746F1CD8149E292DCF88676 /* LocalizationService.swift in Sources */ = {isa = PBXBuildFile; fileRef = 2A58779428C78D83799E0D4D /* LocalizationService.swift */; };
		49B4418C51F9DBC8BEBF288D /* LocalizedBundle.swift in Sources */ = {isa = PBXBuildFile; fileRef = 8D972B62C7AF7E62FD373A27 /* LocalizedBundle.swift */; };
		1E1F8E202DC1CAFEB54653A6 /* CloudKitAvailability.swift in Sources */ = {isa = PBXBuildFile; fileRef = 10628472297CCA24928CB7C0 /* CloudKitAvailability.swift */; };
		DFB9952C70002583613E6AAF /* DeviceIdentity.swift in Sources */ = {isa = PBXBuildFile; fileRef = C3562E45B9EA991C75310170 /* DeviceIdentity.swift */; };
		2F14CA0D691B2FCE4E62F32A /* PersistenceController.swift in Sources */ = {isa = PBXBuildFile; fileRef = 059EB25E2825B69058176ABB /* PersistenceController.swift */; };
		DE9A8826C492537B0D7510A9 /* SettingsStore.swift in Sources */ = {isa = PBXBuildFile; fileRef = C62834E0A49F6222939B0126 /* SettingsStore.swift */; };
		8E66345AEEE7E3741E5957D4 /* ActiveTripState.swift in Sources */ = {isa = PBXBuildFile; fileRef = AF587376844F462C750F5D09 /* ActiveTripState.swift */; };
		069BE0D78D0AF40FDA810A4E /* Client.swift in Sources */ = {isa = PBXBuildFile; fileRef = 5FF8A4CC5730DBB3815159AD /* Client.swift */; };
		1272EAF2ED3B9F7CADA5F57C /* FrequentLocation.swift in Sources */ = {isa = PBXBuildFile; fileRef = 1D0D0BC690CC9CF90D8A2549 /* FrequentLocation.swift */; };
		5C8239557C3469D30947DF96 /* LocationPoint.swift in Sources */ = {isa = PBXBuildFile; fileRef = 1BB9C2D0E1393649347D3968 /* LocationPoint.swift */; };
		516B2493E8A3943EA909C8A7 /* Project.swift in Sources */ = {isa = PBXBuildFile; fileRef = F3ED6C20B5CC105F205E6388 /* Project.swift */; };
		A48199DD00EBA99735F68C9C /* Trip.swift in Sources */ = {isa = PBXBuildFile; fileRef = FF2718F36F2F9203CD95805E /* Trip.swift */; };
		1F7E764F9680DDE1EB6E4E71 /* UserSettings.swift in Sources */ = {isa = PBXBuildFile; fileRef = EF49859969DDC0CEF7764AF9 /* UserSettings.swift */; };
		FCB4E4D5DEA7BB01B1FFA1EF /* Vehicle.swift in Sources */ = {isa = PBXBuildFile; fileRef = B818C09D146BCD5F0B7580A1 /* Vehicle.swift */; };
		F5B3C6F99543D5667B701672 /* TripActivityController.swift in Sources */ = {isa = PBXBuildFile; fileRef = 35B62112285A90F873BDF037 /* TripActivityController.swift */; };
		F5EE5791B8102604EB998A52 /* CarConnectionMonitor.swift in Sources */ = {isa = PBXBuildFile; fileRef = 19CE3C7F2CDD43198256452A /* CarConnectionMonitor.swift */; };
		C7E76DACAD793D46C87907B8 /* CoreLocationProvider.swift in Sources */ = {isa = PBXBuildFile; fileRef = 5907EBEFF17B7566268C4E58 /* CoreLocationProvider.swift */; };
		5D62252CAB003A97D406A640 /* FrequentLocationMatcher.swift in Sources */ = {isa = PBXBuildFile; fileRef = 6AE6359565F5CEF751E079F5 /* FrequentLocationMatcher.swift */; };
		BED1DBF53392AF461AB11404 /* GeocodingService.swift in Sources */ = {isa = PBXBuildFile; fileRef = 844A0EDD74B757B10C19582E /* GeocodingService.swift */; };
		B83F5708A27BBF1D027AF3C5 /* Geodesy.swift in Sources */ = {isa = PBXBuildFile; fileRef = 8B4A428271981E2AAF2C41C4 /* Geodesy.swift */; };
		AFC3B381ADA4E0D03EEB2CE6 /* LocationFilter.swift in Sources */ = {isa = PBXBuildFile; fileRef = C37EF2FCB23B9135DB380323 /* LocationFilter.swift */; };
		23638FC08D9A8DBFA7D6031E /* LocationSample+CoreLocation.swift in Sources */ = {isa = PBXBuildFile; fileRef = D8AF7C43708D243FBEE0DB71 /* LocationSample+CoreLocation.swift */; };
		5225A3D98A585B9475F0CD6E /* LocationSample.swift in Sources */ = {isa = PBXBuildFile; fileRef = F3218CCB3CF7A72827E8ACBE /* LocationSample.swift */; };
		D7AB4AFF8A5416658A9060F9 /* RouteCompactor.swift in Sources */ = {isa = PBXBuildFile; fileRef = 2FC9218A9D25DE8D6E850B89 /* RouteCompactor.swift */; };
		2FEC4ECE7FB390B82BBD2E4F /* TripEndpointLabel.swift in Sources */ = {isa = PBXBuildFile; fileRef = 397AD91D774C756080915483 /* TripEndpointLabel.swift */; };
		5B8D3E67ACEE7B8B7BE72FF5 /* TripRecorder.swift in Sources */ = {isa = PBXBuildFile; fileRef = 8AD66E5B85706FD7B8AF1BDA /* TripRecorder.swift */; };
		38F3832C5506C8C838966ADF /* CountryRuleEngine.swift in Sources */ = {isa = PBXBuildFile; fileRef = FA6126F9D5753419AEDB490D /* CountryRuleEngine.swift */; };
		F921308F8D76E90AF60508C1 /* DeclarativeMileageRule.swift in Sources */ = {isa = PBXBuildFile; fileRef = BE00B3642E52CDF81C8C8610 /* DeclarativeMileageRule.swift */; };
		4FA889FAB6D973A893D6C59F /* MileageRule.swift in Sources */ = {isa = PBXBuildFile; fileRef = 5029ED085643C8C40F6380EF /* MileageRule.swift */; };
		C47363A8CEACE29FD8EFE40F /* RulePackModels.swift in Sources */ = {isa = PBXBuildFile; fileRef = 8F8D677CC23706EB56B98594 /* RulePackModels.swift */; };
		B5A5CC55302FDB720AC66627 /* RulePackStore.swift in Sources */ = {isa = PBXBuildFile; fileRef = B53CA902313A8F87D5C9C7CB /* RulePackStore.swift */; };
		6C973F6160A4D035A9B6DA58 /* RulePackUpdater.swift in Sources */ = {isa = PBXBuildFile; fileRef = C8F4A997852A3A4F8E3F22D9 /* RulePackUpdater.swift */; };
		C2405DA2B5F1637ED93AEE9F /* RulePackVerifier.swift in Sources */ = {isa = PBXBuildFile; fileRef = 9FCF59D7BFD64758C1DC6802 /* RulePackVerifier.swift */; };
		AA45950A8F00ABB3FA128D62 /* NotificationService.swift in Sources */ = {isa = PBXBuildFile; fileRef = B2C641978A3177839EA9B97D /* NotificationService.swift */; };
		F28A1586F4CDBF9DDC997DB0 /* CSVExporter.swift in Sources */ = {isa = PBXBuildFile; fileRef = 1EA974A265355559AF24D166 /* CSVExporter.swift */; };
		4FDC36D64E9CD5121991C621 /* PDFReportRenderer.swift in Sources */ = {isa = PBXBuildFile; fileRef = A9B3AB234FAF4698131894ED /* PDFReportRenderer.swift */; };
		011231FBD64DBABADBCC6DBF /* ReportBuilder.swift in Sources */ = {isa = PBXBuildFile; fileRef = 8F5D6A86E797B9FD7F24A961 /* ReportBuilder.swift */; };
		3992D23D26842E349AC44D13 /* ReportPeriod.swift in Sources */ = {isa = PBXBuildFile; fileRef = 83FCB2606CF090FA4AF98F5B /* ReportPeriod.swift */; };
		9FD98709796B9CCB5FFACBD2 /* ReportProfile.swift in Sources */ = {isa = PBXBuildFile; fileRef = 948781C8CEF4C21EAF7DE76A /* ReportProfile.swift */; };
		29D7A0F6B67F3BAB0E8B53F1 /* Entitlement.swift in Sources */ = {isa = PBXBuildFile; fileRef = F2E1B1061E6DF52F45C05A92 /* Entitlement.swift */; };
		64FCF737CDF73686D8985C51 /* ProductIDs.swift in Sources */ = {isa = PBXBuildFile; fileRef = CE96EEFDEFA77B5F6CC3666E /* ProductIDs.swift */; };
		A22366A75AF0479BBABE11C8 /* SubscriptionService.swift in Sources */ = {isa = PBXBuildFile; fileRef = 4C59B96AAD2A61186FFDE7C8 /* SubscriptionService.swift */; };
		F17E1FF21AEFD508D98FE243 /* ActiveTripView.swift in Sources */ = {isa = PBXBuildFile; fileRef = 2E1A1EE92FA5C88E1AF4EBE9 /* ActiveTripView.swift */; };
		0FFD5CFDE3DC661BF646AD57 /* TripSummarySheet.swift in Sources */ = {isa = PBXBuildFile; fileRef = B2AAB81593C0EB576E03D7EF /* TripSummarySheet.swift */; };
		89793DCF92787AC9AC14FBF7 /* ClientsProjectsView.swift in Sources */ = {isa = PBXBuildFile; fileRef = DD5EB183984EF454E83611EF /* ClientsProjectsView.swift */; };
		B20222560B42EF3C79005211 /* HomeModel.swift in Sources */ = {isa = PBXBuildFile; fileRef = ECAA908CB653CA32F855DF94 /* HomeModel.swift */; };
		B1A859552A1AEF6EB68ED4D0 /* HomeView.swift in Sources */ = {isa = PBXBuildFile; fileRef = 6FD9045EF708D43EB57ED36E /* HomeView.swift */; };
		ACC0652660957FAFA29F0DF2 /* ManualTripView.swift in Sources */ = {isa = PBXBuildFile; fileRef = A2883CFECF0B3B036ED73C50 /* ManualTripView.swift */; };
		F3741C6DD23CA432D6B28307 /* OnboardingFlow.swift in Sources */ = {isa = PBXBuildFile; fileRef = 6C0F316BDDEDD0229391CCA0 /* OnboardingFlow.swift */; };
		DEF2A19C29DE91A295B79A33 /* PaywallPlan.swift in Sources */ = {isa = PBXBuildFile; fileRef = 6F4E74B8A1B3270ECA197972 /* PaywallPlan.swift */; };
		BEC5681829A0ECE0D03D48BA /* PaywallView.swift in Sources */ = {isa = PBXBuildFile; fileRef = CEB7FD6D0E9A8A53A3C95972 /* PaywallView.swift */; };
		E2DEBF65B7107C0E2E32A214 /* ReportsView.swift in Sources */ = {isa = PBXBuildFile; fileRef = E14E7E9BFCD3A7EC8E4BE4AB /* ReportsView.swift */; };
		1E5E0DE4CAC29DF40EEDD361 /* SettingsView.swift in Sources */ = {isa = PBXBuildFile; fileRef = 128876BA9CB203F0B32BD069 /* SettingsView.swift */; };
		854FB6C8E0DAC16455954B6E /* TripDetailView.swift in Sources */ = {isa = PBXBuildFile; fileRef = AEC4B6AE78B4788D6ECEAEFB /* TripDetailView.swift */; };
		A3072D13D0ACC2017A4E73EF /* TripEditor.swift in Sources */ = {isa = PBXBuildFile; fileRef = 9DEC98325EC7F53EA28C99FA /* TripEditor.swift */; };
		E73BDFE18FFD115BB3CD8BF4 /* TripGrouping.swift in Sources */ = {isa = PBXBuildFile; fileRef = 7AAE44DA5F6E161CF6F83365 /* TripGrouping.swift */; };
		4815DD6C39AC4294786A6F06 /* TripsView.swift in Sources */ = {isa = PBXBuildFile; fileRef = B64FB112C588BD1FE22B8D17 /* TripsView.swift */; };
		4729C85245778FE6CB6FB03B /* VehiclesView.swift in Sources */ = {isa = PBXBuildFile; fileRef = 115CF5DF4B729AEBE4111D18 /* VehiclesView.swift */; };
		BD1B87C04C8A0DCEAD2B7605 /* Enums.swift in Sources */ = {isa = PBXBuildFile; fileRef = FE67A88587942CD6869C134A /* Enums.swift */; };
		AF0E610812D4C691BD950FDB /* TripAttributes.swift in Sources */ = {isa = PBXBuildFile; fileRef = 1C20DA7A0342F6845231BEAC /* TripAttributes.swift */; };
		5458DCE7E46C41FAAC383229 /* WidgetSnapshot.swift in Sources */ = {isa = PBXBuildFile; fileRef = F084A37211B7023A9F906223 /* WidgetSnapshot.swift */; };
		3FEE178C5A0526B3AF075A11 /* AccessPolicyTests.swift in Sources */ = {isa = PBXBuildFile; fileRef = 0AC69304BE399BD369A7729E /* AccessPolicyTests.swift */; };
		C70EB58EF292C09B456A08ED /* CarPlayAutoStartTests.swift in Sources */ = {isa = PBXBuildFile; fileRef = A5D0C5D24848D735C4293345 /* CarPlayAutoStartTests.swift */; };
		499B77459AFD6C13E8B781DC /* ContrastTests.swift in Sources */ = {isa = PBXBuildFile; fileRef = 472A3B3825186444B07B5ED4 /* ContrastTests.swift */; };
		FBEF8D99135EC76642BE559D /* CumulativeYearTests.swift in Sources */ = {isa = PBXBuildFile; fileRef = A5D6D8ABE5109A1FC1B2BACF /* CumulativeYearTests.swift */; };
		5F95D0EB566F32B1E2D3B41D /* CurrencyAndUnitTests.swift in Sources */ = {isa = PBXBuildFile; fileRef = C229FB705359905BD9890E0F /* CurrencyAndUnitTests.swift */; };
		35F584CAFA7C92AB92FC187B /* EntitlementTests.swift in Sources */ = {isa = PBXBuildFile; fileRef = BDFB0B89ACB1623A93C91C49 /* EntitlementTests.swift */; };
		63FA1168F6F86336DE2D605A /* FormattingTests.swift in Sources */ = {isa = PBXBuildFile; fileRef = 7D05E528024AA1A7F594A935 /* FormattingTests.swift */; };
		B77BCC1AF35F759FDE1BCF97 /* FrequentLocationTests.swift in Sources */ = {isa = PBXBuildFile; fileRef = BFC138E8272380521D281E57 /* FrequentLocationTests.swift */; };
		60D431B3BDA8A9C02CA1BB97 /* LocalizationTests.swift in Sources */ = {isa = PBXBuildFile; fileRef = 130EC405E03FC44301BC91F3 /* LocalizationTests.swift */; };
		79FCA43F1C7D1DEDE5260888 /* LocationFilterTests.swift in Sources */ = {isa = PBXBuildFile; fileRef = 61E637C1349819DD9FE88137 /* LocationFilterTests.swift */; };
		504EA073300EB6D94E80C926 /* MileageCalculationTests.swift in Sources */ = {isa = PBXBuildFile; fileRef = 7C9D22F98FBAA9A7C7EF9230 /* MileageCalculationTests.swift */; };
		29F01CF783864F75F09713A8 /* PersistenceTests.swift in Sources */ = {isa = PBXBuildFile; fileRef = 3DFE40D78BA8B97F13C3C19B /* PersistenceTests.swift */; };
		8CE47921986DAC1F3107C529 /* ReportTests.swift in Sources */ = {isa = PBXBuildFile; fileRef = 399A886023A07C16F0DE0D2A /* ReportTests.swift */; };
		0E860F49CCD87C75481C71AA /* RouteCompactorTests.swift in Sources */ = {isa = PBXBuildFile; fileRef = B0880E6C365BCC9F1C45D57B /* RouteCompactorTests.swift */; };
		996305294A1DD93E6593CD58 /* RulePackTests.swift in Sources */ = {isa = PBXBuildFile; fileRef = 769B5FC4DF790C16FCACEDF2 /* RulePackTests.swift */; };
		F8B5BBFA10483956BFBE983F /* RulePackUpdateTests.swift in Sources */ = {isa = PBXBuildFile; fileRef = 3F06CA12FCDAA706F44E5ADE /* RulePackUpdateTests.swift */; };
		29A5868AA8CEC5A213EE6942 /* SmokeTests.swift in Sources */ = {isa = PBXBuildFile; fileRef = B68DB5E72AFF428F5E3086EA /* SmokeTests.swift */; };
		4ABED5DA3350D8C5A2B9CDC9 /* SubscriptionTests.swift in Sources */ = {isa = PBXBuildFile; fileRef = 289B64711928B877FD8DDEEC /* SubscriptionTests.swift */; };
		CBF3B6758DF970C00DB25CB0 /* TaxYearAndCapsTests.swift in Sources */ = {isa = PBXBuildFile; fileRef = 789B254A5C1E205D289C8960 /* TaxYearAndCapsTests.swift */; };
		755588AC2A96A74D4392693B /* TestDoubles.swift in Sources */ = {isa = PBXBuildFile; fileRef = 7CBECF3DABA2783CD00B0FEF /* TestDoubles.swift */; };
		1068DB8C9B49E708FC261DF1 /* TripEndpointLabelTests.swift in Sources */ = {isa = PBXBuildFile; fileRef = 1D73395EA8332DDD92A4C45D /* TripEndpointLabelTests.swift */; };
		4EBFCC94CE9B21EB8ECD38E0 /* TripGroupingTests.swift in Sources */ = {isa = PBXBuildFile; fileRef = 20EF891AE43EE400CA3F13DB /* TripGroupingTests.swift */; };
		6047EEDF4BBBB862A9F44E5A /* TripRecorderTests.swift in Sources */ = {isa = PBXBuildFile; fileRef = 4D284F0718C875BEBC8A389A /* TripRecorderTests.swift */; };
		547BCB0E5CF93F5A6F0F4116 /* RouteFixtures.swift in Sources */ = {isa = PBXBuildFile; fileRef = C5B87813E46E7FAA074042AE /* RouteFixtures.swift */; };
		F0025C42060801CFFFC5E033 /* LaunchUITests.swift in Sources */ = {isa = PBXBuildFile; fileRef = E90E39E390D840036CEECC96 /* LaunchUITests.swift */; };
		D40B5893CDDDB9BB012E05AB /* PaywallUITests.swift in Sources */ = {isa = PBXBuildFile; fileRef = 6F10061DFC9A55731D6762AC /* PaywallUITests.swift */; };
		2B7B1371DC73B2FBA38EB4B1 /* RawKeyUITests.swift in Sources */ = {isa = PBXBuildFile; fileRef = 772E7A8B996007A055835216 /* RawKeyUITests.swift */; };
		2DDC6CA1E9143B5E60C91066 /* TripDeletionUITests.swift in Sources */ = {isa = PBXBuildFile; fileRef = 30594C9B775BABE7D4D0B9D8 /* TripDeletionUITests.swift */; };
		D553574BDD7371DCAEDE6529 /* TripFlowUITests.swift in Sources */ = {isa = PBXBuildFile; fileRef = 8752E4FB332B0063209B8F57 /* TripFlowUITests.swift */; };
		CFE5743C0B854222020EBF4E /* UITestSupport.swift in Sources */ = {isa = PBXBuildFile; fileRef = 670A6678249D2849C2BC6FA4 /* UITestSupport.swift */; };
		B60875E6FC9F564EB3F1FECC /* MileageWidgetsBundle.swift in Sources */ = {isa = PBXBuildFile; fileRef = E0334A110FC805D6538BA821 /* MileageWidgetsBundle.swift */; };
		CFCD64957A5A8FF1031E8E99 /* StartTripWidget.swift in Sources */ = {isa = PBXBuildFile; fileRef = 6D80905CB586F9F3FB844AAD /* StartTripWidget.swift */; };
		F98F180A21F88E7E9433F27E /* TripLiveActivity.swift in Sources */ = {isa = PBXBuildFile; fileRef = 03E9038CCAF678F8ABC8DF7D /* TripLiveActivity.swift */; };
		797A21C09AFA98EFD138FE24 /* Enums.swift in Sources */ = {isa = PBXBuildFile; fileRef = FE67A88587942CD6869C134A /* Enums.swift */; };
		8131563D57E013CEA28FA5E6 /* TripAttributes.swift in Sources */ = {isa = PBXBuildFile; fileRef = 1C20DA7A0342F6845231BEAC /* TripAttributes.swift */; };
		4922DC7AE90B54D2AA40B76F /* WidgetSnapshot.swift in Sources */ = {isa = PBXBuildFile; fileRef = F084A37211B7023A9F906223 /* WidgetSnapshot.swift */; };
		6DD9C133694F74FB87B20B01 /* Assets.xcassets in Resources */ = {isa = PBXBuildFile; fileRef = 8D7172619DB15AD08404D409 /* Assets.xcassets */; };
		864599333688A266162B406F /* MileageRules in Resources */ = {isa = PBXBuildFile; fileRef = 4A32475C0821BB76773C2A37 /* MileageRules */; };
		554CEEBAE74D382D7013D462 /* PrivacyInfo.xcprivacy in Resources */ = {isa = PBXBuildFile; fileRef = 2E88A5130923D54E34C2E978 /* PrivacyInfo.xcprivacy */; };
		5FDA17AE7DAF525F7B2F3ACD /* MileagePocket.storekit in Resources */ = {isa = PBXBuildFile; fileRef = 2326609D0AB94C0E6E60D39A /* MileagePocket.storekit */; };
		D882B008C8E1D607AFA93F38 /* Localizable.xcstrings in Resources */ = {isa = PBXBuildFile; fileRef = 4F3133CB82A42C2405ECFE76 /* Localizable.xcstrings */; };
		37AD15CBB45A7E1CED670B94 /* InfoPlist.xcstrings in Resources */ = {isa = PBXBuildFile; fileRef = 7B6FF51FE076902715B4B924 /* InfoPlist.xcstrings */; };
		4B527C71D042567659B47598 /* Localizable.xcstrings in Resources */ = {isa = PBXBuildFile; fileRef = 4F3133CB82A42C2405ECFE76 /* Localizable.xcstrings */; };
		53F85E2D092373A8A32EB350 /* MileageWidgetsExtension.appex in Embed Foundation Extensions */ = {isa = PBXBuildFile; fileRef = 0FD7488223EA0E20BD335592 /* MileageWidgetsExtension.appex */; settings = {ATTRIBUTES = (RemoveHeadersOnCopy, ); }; };
/* End PBXBuildFile section */

/* Begin PBXFileReference section */
		996AD237BC284D463E664FFE /* MileagePocket.app */ = {isa = PBXFileReference; explicitFileType = wrapper.application; includeInIndex = 0; path = "MileagePocket.app"; sourceTree = BUILT_PRODUCTS_DIR; };
		BD5FEB36355BB38F98691943 /* MileagePocketTests.xctest */ = {isa = PBXFileReference; explicitFileType = wrapper.cfbundle; includeInIndex = 0; path = "MileagePocketTests.xctest"; sourceTree = BUILT_PRODUCTS_DIR; };
		AE9198967288169819E0B4CF /* MileagePocketUITests.xctest */ = {isa = PBXFileReference; explicitFileType = wrapper.cfbundle; includeInIndex = 0; path = "MileagePocketUITests.xctest"; sourceTree = BUILT_PRODUCTS_DIR; };
		0FD7488223EA0E20BD335592 /* MileageWidgetsExtension.appex */ = {isa = PBXFileReference; explicitFileType = "wrapper.app-extension"; includeInIndex = 0; path = "MileageWidgetsExtension.appex"; sourceTree = BUILT_PRODUCTS_DIR; };
		A38DFA883DC2F69029EF6FA1 /* AppDependencies+Data.swift */ = {isa = PBXFileReference; lastKnownFileType = sourcecode.swift; path = "AppDependencies+Data.swift"; sourceTree = "<group>"; };
		3B42A77695251DE20E3A3372 /* AppDependencies.swift */ = {isa = PBXFileReference; lastKnownFileType = sourcecode.swift; path = "AppDependencies.swift"; sourceTree = "<group>"; };
		71F426B9A4641BD87BFBC779 /* MainTabView.swift */ = {isa = PBXFileReference; lastKnownFileType = sourcecode.swift; path = "MainTabView.swift"; sourceTree = "<group>"; };
		D35513ED3D57158239A87DAE /* MileagePocketApp.swift */ = {isa = PBXFileReference; lastKnownFileType = sourcecode.swift; path = "MileagePocketApp.swift"; sourceTree = "<group>"; };
		6A01F56928DFCE630027E76A /* RootView.swift */ = {isa = PBXFileReference; lastKnownFileType = sourcecode.swift; path = "RootView.swift"; sourceTree = "<group>"; };
		D3177FF925968B75A0261A88 /* AccessPolicy.swift */ = {isa = PBXFileReference; lastKnownFileType = sourcecode.swift; path = "AccessPolicy.swift"; sourceTree = "<group>"; };
		680A7F8730B76831AE6DF07D /* InstallDateStore.swift */ = {isa = PBXFileReference; lastKnownFileType = sourcecode.swift; path = "InstallDateStore.swift"; sourceTree = "<group>"; };
		8D3B54F4C9D267DE9456BEB5 /* CountryCatalog.swift */ = {isa = PBXFileReference; lastKnownFileType = sourcecode.swift; path = "CountryCatalog.swift"; sourceTree = "<group>"; };
		92914F57925F3DFE070C7DF2 /* DemoMode.swift */ = {isa = PBXFileReference; lastKnownFileType = sourcecode.swift; path = "DemoMode.swift"; sourceTree = "<group>"; };
		9F2C042AACAE1B575F399224 /* Components.swift */ = {isa = PBXFileReference; lastKnownFileType = sourcecode.swift; path = "Components.swift"; sourceTree = "<group>"; };
		B5D535C95B366362BC90522B /* Theme.swift */ = {isa = PBXFileReference; lastKnownFileType = sourcecode.swift; path = "Theme.swift"; sourceTree = "<group>"; };
		40B94BE13BC451928C72F457 /* Typography.swift */ = {isa = PBXFileReference; lastKnownFileType = sourcecode.swift; path = "Typography.swift"; sourceTree = "<group>"; };
		6DDC97BDD5EEB65157311CDE /* MeasurementFormatting.swift */ = {isa = PBXFileReference; lastKnownFileType = sourcecode.swift; path = "MeasurementFormatting.swift"; sourceTree = "<group>"; };
		22FFD3C21306BED536A83EA9 /* AppLanguage.swift */ = {isa = PBXFileReference; lastKnownFileType = sourcecode.swift; path = "AppLanguage.swift"; sourceTree = "<group>"; };
		5A6425EE3746E22689C0E15B /* LanguageResolver.swift */ = {isa = PBXFileReference; lastKnownFileType = sourcecode.swift; path = "LanguageResolver.swift"; sourceTree = "<group>"; };
		2A58779428C78D83799E0D4D /* LocalizationService.swift */ = {isa = PBXFileReference; lastKnownFileType = sourcecode.swift; path = "LocalizationService.swift"; sourceTree = "<group>"; };
		8D972B62C7AF7E62FD373A27 /* LocalizedBundle.swift */ = {isa = PBXFileReference; lastKnownFileType = sourcecode.swift; path = "LocalizedBundle.swift"; sourceTree = "<group>"; };
		10628472297CCA24928CB7C0 /* CloudKitAvailability.swift */ = {isa = PBXFileReference; lastKnownFileType = sourcecode.swift; path = "CloudKitAvailability.swift"; sourceTree = "<group>"; };
		C3562E45B9EA991C75310170 /* DeviceIdentity.swift */ = {isa = PBXFileReference; lastKnownFileType = sourcecode.swift; path = "DeviceIdentity.swift"; sourceTree = "<group>"; };
		059EB25E2825B69058176ABB /* PersistenceController.swift */ = {isa = PBXFileReference; lastKnownFileType = sourcecode.swift; path = "PersistenceController.swift"; sourceTree = "<group>"; };
		C62834E0A49F6222939B0126 /* SettingsStore.swift */ = {isa = PBXFileReference; lastKnownFileType = sourcecode.swift; path = "SettingsStore.swift"; sourceTree = "<group>"; };
		2E1A1EE92FA5C88E1AF4EBE9 /* ActiveTripView.swift */ = {isa = PBXFileReference; lastKnownFileType = sourcecode.swift; path = "ActiveTripView.swift"; sourceTree = "<group>"; };
		B2AAB81593C0EB576E03D7EF /* TripSummarySheet.swift */ = {isa = PBXFileReference; lastKnownFileType = sourcecode.swift; path = "TripSummarySheet.swift"; sourceTree = "<group>"; };
		DD5EB183984EF454E83611EF /* ClientsProjectsView.swift */ = {isa = PBXFileReference; lastKnownFileType = sourcecode.swift; path = "ClientsProjectsView.swift"; sourceTree = "<group>"; };
		ECAA908CB653CA32F855DF94 /* HomeModel.swift */ = {isa = PBXFileReference; lastKnownFileType = sourcecode.swift; path = "HomeModel.swift"; sourceTree = "<group>"; };
		6FD9045EF708D43EB57ED36E /* HomeView.swift */ = {isa = PBXFileReference; lastKnownFileType = sourcecode.swift; path = "HomeView.swift"; sourceTree = "<group>"; };
		A2883CFECF0B3B036ED73C50 /* ManualTripView.swift */ = {isa = PBXFileReference; lastKnownFileType = sourcecode.swift; path = "ManualTripView.swift"; sourceTree = "<group>"; };
		6C0F316BDDEDD0229391CCA0 /* OnboardingFlow.swift */ = {isa = PBXFileReference; lastKnownFileType = sourcecode.swift; path = "OnboardingFlow.swift"; sourceTree = "<group>"; };
		6F4E74B8A1B3270ECA197972 /* PaywallPlan.swift */ = {isa = PBXFileReference; lastKnownFileType = sourcecode.swift; path = "PaywallPlan.swift"; sourceTree = "<group>"; };
		CEB7FD6D0E9A8A53A3C95972 /* PaywallView.swift */ = {isa = PBXFileReference; lastKnownFileType = sourcecode.swift; path = "PaywallView.swift"; sourceTree = "<group>"; };
		E14E7E9BFCD3A7EC8E4BE4AB /* ReportsView.swift */ = {isa = PBXFileReference; lastKnownFileType = sourcecode.swift; path = "ReportsView.swift"; sourceTree = "<group>"; };
		128876BA9CB203F0B32BD069 /* SettingsView.swift */ = {isa = PBXFileReference; lastKnownFileType = sourcecode.swift; path = "SettingsView.swift"; sourceTree = "<group>"; };
		AEC4B6AE78B4788D6ECEAEFB /* TripDetailView.swift */ = {isa = PBXFileReference; lastKnownFileType = sourcecode.swift; path = "TripDetailView.swift"; sourceTree = "<group>"; };
		9DEC98325EC7F53EA28C99FA /* TripEditor.swift */ = {isa = PBXFileReference; lastKnownFileType = sourcecode.swift; path = "TripEditor.swift"; sourceTree = "<group>"; };
		7AAE44DA5F6E161CF6F83365 /* TripGrouping.swift */ = {isa = PBXFileReference; lastKnownFileType = sourcecode.swift; path = "TripGrouping.swift"; sourceTree = "<group>"; };
		B64FB112C588BD1FE22B8D17 /* TripsView.swift */ = {isa = PBXFileReference; lastKnownFileType = sourcecode.swift; path = "TripsView.swift"; sourceTree = "<group>"; };
		115CF5DF4B729AEBE4111D18 /* VehiclesView.swift */ = {isa = PBXFileReference; lastKnownFileType = sourcecode.swift; path = "VehiclesView.swift"; sourceTree = "<group>"; };
		E0334A110FC805D6538BA821 /* MileageWidgetsBundle.swift */ = {isa = PBXFileReference; lastKnownFileType = sourcecode.swift; path = "MileageWidgetsBundle.swift"; sourceTree = "<group>"; };
		6D80905CB586F9F3FB844AAD /* StartTripWidget.swift */ = {isa = PBXFileReference; lastKnownFileType = sourcecode.swift; path = "StartTripWidget.swift"; sourceTree = "<group>"; };
		03E9038CCAF678F8ABC8DF7D /* TripLiveActivity.swift */ = {isa = PBXFileReference; lastKnownFileType = sourcecode.swift; path = "TripLiveActivity.swift"; sourceTree = "<group>"; };
		AF587376844F462C750F5D09 /* ActiveTripState.swift */ = {isa = PBXFileReference; lastKnownFileType = sourcecode.swift; path = "ActiveTripState.swift"; sourceTree = "<group>"; };
		5FF8A4CC5730DBB3815159AD /* Client.swift */ = {isa = PBXFileReference; lastKnownFileType = sourcecode.swift; path = "Client.swift"; sourceTree = "<group>"; };
		1D0D0BC690CC9CF90D8A2549 /* FrequentLocation.swift */ = {isa = PBXFileReference; lastKnownFileType = sourcecode.swift; path = "FrequentLocation.swift"; sourceTree = "<group>"; };
		1BB9C2D0E1393649347D3968 /* LocationPoint.swift */ = {isa = PBXFileReference; lastKnownFileType = sourcecode.swift; path = "LocationPoint.swift"; sourceTree = "<group>"; };
		F3ED6C20B5CC105F205E6388 /* Project.swift */ = {isa = PBXFileReference; lastKnownFileType = sourcecode.swift; path = "Project.swift"; sourceTree = "<group>"; };
		FF2718F36F2F9203CD95805E /* Trip.swift */ = {isa = PBXFileReference; lastKnownFileType = sourcecode.swift; path = "Trip.swift"; sourceTree = "<group>"; };
		EF49859969DDC0CEF7764AF9 /* UserSettings.swift */ = {isa = PBXFileReference; lastKnownFileType = sourcecode.swift; path = "UserSettings.swift"; sourceTree = "<group>"; };
		B818C09D146BCD5F0B7580A1 /* Vehicle.swift */ = {isa = PBXFileReference; lastKnownFileType = sourcecode.swift; path = "Vehicle.swift"; sourceTree = "<group>"; };
		35B62112285A90F873BDF037 /* TripActivityController.swift */ = {isa = PBXFileReference; lastKnownFileType = sourcecode.swift; path = "TripActivityController.swift"; sourceTree = "<group>"; };
		19CE3C7F2CDD43198256452A /* CarConnectionMonitor.swift */ = {isa = PBXFileReference; lastKnownFileType = sourcecode.swift; path = "CarConnectionMonitor.swift"; sourceTree = "<group>"; };
		5907EBEFF17B7566268C4E58 /* CoreLocationProvider.swift */ = {isa = PBXFileReference; lastKnownFileType = sourcecode.swift; path = "CoreLocationProvider.swift"; sourceTree = "<group>"; };
		6AE6359565F5CEF751E079F5 /* FrequentLocationMatcher.swift */ = {isa = PBXFileReference; lastKnownFileType = sourcecode.swift; path = "FrequentLocationMatcher.swift"; sourceTree = "<group>"; };
		844A0EDD74B757B10C19582E /* GeocodingService.swift */ = {isa = PBXFileReference; lastKnownFileType = sourcecode.swift; path = "GeocodingService.swift"; sourceTree = "<group>"; };
		8B4A428271981E2AAF2C41C4 /* Geodesy.swift */ = {isa = PBXFileReference; lastKnownFileType = sourcecode.swift; path = "Geodesy.swift"; sourceTree = "<group>"; };
		C37EF2FCB23B9135DB380323 /* LocationFilter.swift */ = {isa = PBXFileReference; lastKnownFileType = sourcecode.swift; path = "LocationFilter.swift"; sourceTree = "<group>"; };
		D8AF7C43708D243FBEE0DB71 /* LocationSample+CoreLocation.swift */ = {isa = PBXFileReference; lastKnownFileType = sourcecode.swift; path = "LocationSample+CoreLocation.swift"; sourceTree = "<group>"; };
		F3218CCB3CF7A72827E8ACBE /* LocationSample.swift */ = {isa = PBXFileReference; lastKnownFileType = sourcecode.swift; path = "LocationSample.swift"; sourceTree = "<group>"; };
		2FC9218A9D25DE8D6E850B89 /* RouteCompactor.swift */ = {isa = PBXFileReference; lastKnownFileType = sourcecode.swift; path = "RouteCompactor.swift"; sourceTree = "<group>"; };
		397AD91D774C756080915483 /* TripEndpointLabel.swift */ = {isa = PBXFileReference; lastKnownFileType = sourcecode.swift; path = "TripEndpointLabel.swift"; sourceTree = "<group>"; };
		8AD66E5B85706FD7B8AF1BDA /* TripRecorder.swift */ = {isa = PBXFileReference; lastKnownFileType = sourcecode.swift; path = "TripRecorder.swift"; sourceTree = "<group>"; };
		FA6126F9D5753419AEDB490D /* CountryRuleEngine.swift */ = {isa = PBXFileReference; lastKnownFileType = sourcecode.swift; path = "CountryRuleEngine.swift"; sourceTree = "<group>"; };
		BE00B3642E52CDF81C8C8610 /* DeclarativeMileageRule.swift */ = {isa = PBXFileReference; lastKnownFileType = sourcecode.swift; path = "DeclarativeMileageRule.swift"; sourceTree = "<group>"; };
		5029ED085643C8C40F6380EF /* MileageRule.swift */ = {isa = PBXFileReference; lastKnownFileType = sourcecode.swift; path = "MileageRule.swift"; sourceTree = "<group>"; };
		8F8D677CC23706EB56B98594 /* RulePackModels.swift */ = {isa = PBXFileReference; lastKnownFileType = sourcecode.swift; path = "RulePackModels.swift"; sourceTree = "<group>"; };
		B53CA902313A8F87D5C9C7CB /* RulePackStore.swift */ = {isa = PBXFileReference; lastKnownFileType = sourcecode.swift; path = "RulePackStore.swift"; sourceTree = "<group>"; };
		C8F4A997852A3A4F8E3F22D9 /* RulePackUpdater.swift */ = {isa = PBXFileReference; lastKnownFileType = sourcecode.swift; path = "RulePackUpdater.swift"; sourceTree = "<group>"; };
		9FCF59D7BFD64758C1DC6802 /* RulePackVerifier.swift */ = {isa = PBXFileReference; lastKnownFileType = sourcecode.swift; path = "RulePackVerifier.swift"; sourceTree = "<group>"; };
		B2C641978A3177839EA9B97D /* NotificationService.swift */ = {isa = PBXFileReference; lastKnownFileType = sourcecode.swift; path = "NotificationService.swift"; sourceTree = "<group>"; };
		1EA974A265355559AF24D166 /* CSVExporter.swift */ = {isa = PBXFileReference; lastKnownFileType = sourcecode.swift; path = "CSVExporter.swift"; sourceTree = "<group>"; };
		A9B3AB234FAF4698131894ED /* PDFReportRenderer.swift */ = {isa = PBXFileReference; lastKnownFileType = sourcecode.swift; path = "PDFReportRenderer.swift"; sourceTree = "<group>"; };
		8F5D6A86E797B9FD7F24A961 /* ReportBuilder.swift */ = {isa = PBXFileReference; lastKnownFileType = sourcecode.swift; path = "ReportBuilder.swift"; sourceTree = "<group>"; };
		83FCB2606CF090FA4AF98F5B /* ReportPeriod.swift */ = {isa = PBXFileReference; lastKnownFileType = sourcecode.swift; path = "ReportPeriod.swift"; sourceTree = "<group>"; };
		948781C8CEF4C21EAF7DE76A /* ReportProfile.swift */ = {isa = PBXFileReference; lastKnownFileType = sourcecode.swift; path = "ReportProfile.swift"; sourceTree = "<group>"; };
		F2E1B1061E6DF52F45C05A92 /* Entitlement.swift */ = {isa = PBXFileReference; lastKnownFileType = sourcecode.swift; path = "Entitlement.swift"; sourceTree = "<group>"; };
		CE96EEFDEFA77B5F6CC3666E /* ProductIDs.swift */ = {isa = PBXFileReference; lastKnownFileType = sourcecode.swift; path = "ProductIDs.swift"; sourceTree = "<group>"; };
		4C59B96AAD2A61186FFDE7C8 /* SubscriptionService.swift */ = {isa = PBXFileReference; lastKnownFileType = sourcecode.swift; path = "SubscriptionService.swift"; sourceTree = "<group>"; };
		FE67A88587942CD6869C134A /* Enums.swift */ = {isa = PBXFileReference; lastKnownFileType = sourcecode.swift; path = "Enums.swift"; sourceTree = "<group>"; };
		1C20DA7A0342F6845231BEAC /* TripAttributes.swift */ = {isa = PBXFileReference; lastKnownFileType = sourcecode.swift; path = "TripAttributes.swift"; sourceTree = "<group>"; };
		F084A37211B7023A9F906223 /* WidgetSnapshot.swift */ = {isa = PBXFileReference; lastKnownFileType = sourcecode.swift; path = "WidgetSnapshot.swift"; sourceTree = "<group>"; };
		0AC69304BE399BD369A7729E /* AccessPolicyTests.swift */ = {isa = PBXFileReference; lastKnownFileType = sourcecode.swift; path = "AccessPolicyTests.swift"; sourceTree = "<group>"; };
		A5D0C5D24848D735C4293345 /* CarPlayAutoStartTests.swift */ = {isa = PBXFileReference; lastKnownFileType = sourcecode.swift; path = "CarPlayAutoStartTests.swift"; sourceTree = "<group>"; };
		472A3B3825186444B07B5ED4 /* ContrastTests.swift */ = {isa = PBXFileReference; lastKnownFileType = sourcecode.swift; path = "ContrastTests.swift"; sourceTree = "<group>"; };
		A5D6D8ABE5109A1FC1B2BACF /* CumulativeYearTests.swift */ = {isa = PBXFileReference; lastKnownFileType = sourcecode.swift; path = "CumulativeYearTests.swift"; sourceTree = "<group>"; };
		C229FB705359905BD9890E0F /* CurrencyAndUnitTests.swift */ = {isa = PBXFileReference; lastKnownFileType = sourcecode.swift; path = "CurrencyAndUnitTests.swift"; sourceTree = "<group>"; };
		BDFB0B89ACB1623A93C91C49 /* EntitlementTests.swift */ = {isa = PBXFileReference; lastKnownFileType = sourcecode.swift; path = "EntitlementTests.swift"; sourceTree = "<group>"; };
		C5B87813E46E7FAA074042AE /* RouteFixtures.swift */ = {isa = PBXFileReference; lastKnownFileType = sourcecode.swift; path = "RouteFixtures.swift"; sourceTree = "<group>"; };
		7D05E528024AA1A7F594A935 /* FormattingTests.swift */ = {isa = PBXFileReference; lastKnownFileType = sourcecode.swift; path = "FormattingTests.swift"; sourceTree = "<group>"; };
		BFC138E8272380521D281E57 /* FrequentLocationTests.swift */ = {isa = PBXFileReference; lastKnownFileType = sourcecode.swift; path = "FrequentLocationTests.swift"; sourceTree = "<group>"; };
		130EC405E03FC44301BC91F3 /* LocalizationTests.swift */ = {isa = PBXFileReference; lastKnownFileType = sourcecode.swift; path = "LocalizationTests.swift"; sourceTree = "<group>"; };
		61E637C1349819DD9FE88137 /* LocationFilterTests.swift */ = {isa = PBXFileReference; lastKnownFileType = sourcecode.swift; path = "LocationFilterTests.swift"; sourceTree = "<group>"; };
		7C9D22F98FBAA9A7C7EF9230 /* MileageCalculationTests.swift */ = {isa = PBXFileReference; lastKnownFileType = sourcecode.swift; path = "MileageCalculationTests.swift"; sourceTree = "<group>"; };
		3DFE40D78BA8B97F13C3C19B /* PersistenceTests.swift */ = {isa = PBXFileReference; lastKnownFileType = sourcecode.swift; path = "PersistenceTests.swift"; sourceTree = "<group>"; };
		399A886023A07C16F0DE0D2A /* ReportTests.swift */ = {isa = PBXFileReference; lastKnownFileType = sourcecode.swift; path = "ReportTests.swift"; sourceTree = "<group>"; };
		B0880E6C365BCC9F1C45D57B /* RouteCompactorTests.swift */ = {isa = PBXFileReference; lastKnownFileType = sourcecode.swift; path = "RouteCompactorTests.swift"; sourceTree = "<group>"; };
		769B5FC4DF790C16FCACEDF2 /* RulePackTests.swift */ = {isa = PBXFileReference; lastKnownFileType = sourcecode.swift; path = "RulePackTests.swift"; sourceTree = "<group>"; };
		3F06CA12FCDAA706F44E5ADE /* RulePackUpdateTests.swift */ = {isa = PBXFileReference; lastKnownFileType = sourcecode.swift; path = "RulePackUpdateTests.swift"; sourceTree = "<group>"; };
		B68DB5E72AFF428F5E3086EA /* SmokeTests.swift */ = {isa = PBXFileReference; lastKnownFileType = sourcecode.swift; path = "SmokeTests.swift"; sourceTree = "<group>"; };
		289B64711928B877FD8DDEEC /* SubscriptionTests.swift */ = {isa = PBXFileReference; lastKnownFileType = sourcecode.swift; path = "SubscriptionTests.swift"; sourceTree = "<group>"; };
		789B254A5C1E205D289C8960 /* TaxYearAndCapsTests.swift */ = {isa = PBXFileReference; lastKnownFileType = sourcecode.swift; path = "TaxYearAndCapsTests.swift"; sourceTree = "<group>"; };
		7CBECF3DABA2783CD00B0FEF /* TestDoubles.swift */ = {isa = PBXFileReference; lastKnownFileType = sourcecode.swift; path = "TestDoubles.swift"; sourceTree = "<group>"; };
		1D73395EA8332DDD92A4C45D /* TripEndpointLabelTests.swift */ = {isa = PBXFileReference; lastKnownFileType = sourcecode.swift; path = "TripEndpointLabelTests.swift"; sourceTree = "<group>"; };
		20EF891AE43EE400CA3F13DB /* TripGroupingTests.swift */ = {isa = PBXFileReference; lastKnownFileType = sourcecode.swift; path = "TripGroupingTests.swift"; sourceTree = "<group>"; };
		4D284F0718C875BEBC8A389A /* TripRecorderTests.swift */ = {isa = PBXFileReference; lastKnownFileType = sourcecode.swift; path = "TripRecorderTests.swift"; sourceTree = "<group>"; };
		E90E39E390D840036CEECC96 /* LaunchUITests.swift */ = {isa = PBXFileReference; lastKnownFileType = sourcecode.swift; path = "LaunchUITests.swift"; sourceTree = "<group>"; };
		6F10061DFC9A55731D6762AC /* PaywallUITests.swift */ = {isa = PBXFileReference; lastKnownFileType = sourcecode.swift; path = "PaywallUITests.swift"; sourceTree = "<group>"; };
		772E7A8B996007A055835216 /* RawKeyUITests.swift */ = {isa = PBXFileReference; lastKnownFileType = sourcecode.swift; path = "RawKeyUITests.swift"; sourceTree = "<group>"; };
		30594C9B775BABE7D4D0B9D8 /* TripDeletionUITests.swift */ = {isa = PBXFileReference; lastKnownFileType = sourcecode.swift; path = "TripDeletionUITests.swift"; sourceTree = "<group>"; };
		8752E4FB332B0063209B8F57 /* TripFlowUITests.swift */ = {isa = PBXFileReference; lastKnownFileType = sourcecode.swift; path = "TripFlowUITests.swift"; sourceTree = "<group>"; };
		670A6678249D2849C2BC6FA4 /* UITestSupport.swift */ = {isa = PBXFileReference; lastKnownFileType = sourcecode.swift; path = "UITestSupport.swift"; sourceTree = "<group>"; };
		8D7172619DB15AD08404D409 /* Assets.xcassets */ = {isa = PBXFileReference; lastKnownFileType = folder.assetcatalog; path = Assets.xcassets; sourceTree = "<group>"; };
		4A32475C0821BB76773C2A37 /* MileageRules */ = {isa = PBXFileReference; lastKnownFileType = folder; path = MileageRules; sourceTree = "<group>"; };
		2E88A5130923D54E34C2E978 /* PrivacyInfo.xcprivacy */ = {isa = PBXFileReference; lastKnownFileType = text.xml; path = PrivacyInfo.xcprivacy; sourceTree = "<group>"; };
		2326609D0AB94C0E6E60D39A /* MileagePocket.storekit */ = {isa = PBXFileReference; lastKnownFileType = text; path = MileagePocket.storekit; sourceTree = "<group>"; };
		4F3133CB82A42C2405ECFE76 /* Localizable.xcstrings */ = {isa = PBXFileReference; lastKnownFileType = text.json.xcstrings; path = Localizable.xcstrings; sourceTree = "<group>"; };
		7B6FF51FE076902715B4B924 /* InfoPlist.xcstrings */ = {isa = PBXFileReference; lastKnownFileType = text.json.xcstrings; path = InfoPlist.xcstrings; sourceTree = "<group>"; };
		36291340F8E26B93BEB58318 /* Info.plist */ = {isa = PBXFileReference; lastKnownFileType = text.plist.xml; path = Info.plist; sourceTree = "<group>"; };
		41D36C8E19908FE9E65C4342 /* MileagePocket.entitlements */ = {isa = PBXFileReference; lastKnownFileType = text.plist.entitlements; path = MileagePocket.entitlements; sourceTree = "<group>"; };
		69723CF8402E36BAC8CDCD90 /* Base.xcconfig */ = {isa = PBXFileReference; lastKnownFileType = text.xcconfig; path = Base.xcconfig; sourceTree = "<group>"; };
		6A5BEAA81BEC2CD3BA9D651B /* Debug.xcconfig */ = {isa = PBXFileReference; lastKnownFileType = text.xcconfig; path = Debug.xcconfig; sourceTree = "<group>"; };
		D6F9158E9B5A9C0C71EA5A96 /* Release.xcconfig */ = {isa = PBXFileReference; lastKnownFileType = text.xcconfig; path = Release.xcconfig; sourceTree = "<group>"; };
		01A2568E9CF48123B937E7F9 /* Info.plist */ = {isa = PBXFileReference; lastKnownFileType = text.plist.xml; path = Info.plist; sourceTree = "<group>"; };
		43E4F0715FD68B62A245E5C2 /* MileageWidgets.entitlements */ = {isa = PBXFileReference; lastKnownFileType = text.plist.entitlements; path = MileageWidgets.entitlements; sourceTree = "<group>"; };
/* End PBXFileReference section */

/* Begin PBXFrameworksBuildPhase section */
		4FCBC29864E7C7752B7E193F /* Frameworks */ = {
			isa = PBXFrameworksBuildPhase;
			buildActionMask = 2147483647;
			files = (
			);
			runOnlyForDeploymentPostprocessing = 0;
		};
		79A4D45905684BD40D53A6E7 /* Frameworks */ = {
			isa = PBXFrameworksBuildPhase;
			buildActionMask = 2147483647;
			files = (
			);
			runOnlyForDeploymentPostprocessing = 0;
		};
		1C25C44B845A804078C60F75 /* Frameworks */ = {
			isa = PBXFrameworksBuildPhase;
			buildActionMask = 2147483647;
			files = (
			);
			runOnlyForDeploymentPostprocessing = 0;
		};
		F2459633578009F3E492FB24 /* Frameworks */ = {
			isa = PBXFrameworksBuildPhase;
			buildActionMask = 2147483647;
			files = (
			);
			runOnlyForDeploymentPostprocessing = 0;
		};
/* End PBXFrameworksBuildPhase section */

/* Begin PBXCopyFilesBuildPhase section */
		043755FD70D1BC6911EA5114 /* Embed Foundation Extensions */ = {
			isa = PBXCopyFilesBuildPhase;
			buildActionMask = 2147483647;
			dstPath = "";
			dstSubfolderSpec = 13;
			files = (
				53F85E2D092373A8A32EB350 /* MileageWidgetsExtension.appex in Embed Foundation Extensions */,
			);
			name = "Embed Foundation Extensions";
			runOnlyForDeploymentPostprocessing = 0;
		};
/* End PBXCopyFilesBuildPhase section */

/* Begin PBXGroup section */
		D1D0524B025E57AFFF263442 /* App */ = {
			isa = PBXGroup;
			children = (
				A38DFA883DC2F69029EF6FA1 /* AppDependencies+Data.swift */,
				3B42A77695251DE20E3A3372 /* AppDependencies.swift */,
				71F426B9A4641BD87BFBC779 /* MainTabView.swift */,
				D35513ED3D57158239A87DAE /* MileagePocketApp.swift */,
				6A01F56928DFCE630027E76A /* RootView.swift */,
			);
			path = App;
			sourceTree = "<group>";
		};
		869CC7A355DF00B5EB233277 /* Access */ = {
			isa = PBXGroup;
			children = (
				D3177FF925968B75A0261A88 /* AccessPolicy.swift */,
				680A7F8730B76831AE6DF07D /* InstallDateStore.swift */,
			);
			path = Access;
			sourceTree = "<group>";
		};
		C123314F69260D6FD35AEEC5 /* Country */ = {
			isa = PBXGroup;
			children = (
				8D3B54F4C9D267DE9456BEB5 /* CountryCatalog.swift */,
			);
			path = Country;
			sourceTree = "<group>";
		};
		C976A5929DB90F8840BADC85 /* Debug */ = {
			isa = PBXGroup;
			children = (
				92914F57925F3DFE070C7DF2 /* DemoMode.swift */,
			);
			path = Debug;
			sourceTree = "<group>";
		};
		C8AE16C6559C217996DDF7A0 /* DesignSystem */ = {
			isa = PBXGroup;
			children = (
				9F2C042AACAE1B575F399224 /* Components.swift */,
				B5D535C95B366362BC90522B /* Theme.swift */,
				40B94BE13BC451928C72F457 /* Typography.swift */,
			);
			path = DesignSystem;
			sourceTree = "<group>";
		};
		B8FC07315A99417DD30C59DA /* Formatting */ = {
			isa = PBXGroup;
			children = (
				6DDC97BDD5EEB65157311CDE /* MeasurementFormatting.swift */,
			);
			path = Formatting;
			sourceTree = "<group>";
		};
		2000957DC03A95C32A802CDA /* Localization */ = {
			isa = PBXGroup;
			children = (
				22FFD3C21306BED536A83EA9 /* AppLanguage.swift */,
				5A6425EE3746E22689C0E15B /* LanguageResolver.swift */,
				2A58779428C78D83799E0D4D /* LocalizationService.swift */,
				8D972B62C7AF7E62FD373A27 /* LocalizedBundle.swift */,
			);
			path = Localization;
			sourceTree = "<group>";
		};
		E9305FC3F4C469DBC9CD22ED /* Persistence */ = {
			isa = PBXGroup;
			children = (
				10628472297CCA24928CB7C0 /* CloudKitAvailability.swift */,
				C3562E45B9EA991C75310170 /* DeviceIdentity.swift */,
				059EB25E2825B69058176ABB /* PersistenceController.swift */,
				C62834E0A49F6222939B0126 /* SettingsStore.swift */,
			);
			path = Persistence;
			sourceTree = "<group>";
		};
		35D315DEBBF45F223B169A61 /* Core */ = {
			isa = PBXGroup;
			children = (
				869CC7A355DF00B5EB233277 /* Access */,
				C123314F69260D6FD35AEEC5 /* Country */,
				C976A5929DB90F8840BADC85 /* Debug */,
				C8AE16C6559C217996DDF7A0 /* DesignSystem */,
				B8FC07315A99417DD30C59DA /* Formatting */,
				2000957DC03A95C32A802CDA /* Localization */,
				E9305FC3F4C469DBC9CD22ED /* Persistence */,
			);
			path = Core;
			sourceTree = "<group>";
		};
		A1C86A29E589D48EC70B6A32 /* Models */ = {
			isa = PBXGroup;
			children = (
				AF587376844F462C750F5D09 /* ActiveTripState.swift */,
				5FF8A4CC5730DBB3815159AD /* Client.swift */,
				1D0D0BC690CC9CF90D8A2549 /* FrequentLocation.swift */,
				1BB9C2D0E1393649347D3968 /* LocationPoint.swift */,
				F3ED6C20B5CC105F205E6388 /* Project.swift */,
				FF2718F36F2F9203CD95805E /* Trip.swift */,
				EF49859969DDC0CEF7764AF9 /* UserSettings.swift */,
				B818C09D146BCD5F0B7580A1 /* Vehicle.swift */,
			);
			path = Models;
			sourceTree = "<group>";
		};
		61B150C5E566D4DF11FF1CB0 /* LiveActivity */ = {
			isa = PBXGroup;
			children = (
				35B62112285A90F873BDF037 /* TripActivityController.swift */,
			);
			path = LiveActivity;
			sourceTree = "<group>";
		};
		392F9C9696AF1E2273A73625 /* Location */ = {
			isa = PBXGroup;
			children = (
				19CE3C7F2CDD43198256452A /* CarConnectionMonitor.swift */,
				5907EBEFF17B7566268C4E58 /* CoreLocationProvider.swift */,
				6AE6359565F5CEF751E079F5 /* FrequentLocationMatcher.swift */,
				844A0EDD74B757B10C19582E /* GeocodingService.swift */,
				8B4A428271981E2AAF2C41C4 /* Geodesy.swift */,
				C37EF2FCB23B9135DB380323 /* LocationFilter.swift */,
				D8AF7C43708D243FBEE0DB71 /* LocationSample+CoreLocation.swift */,
				F3218CCB3CF7A72827E8ACBE /* LocationSample.swift */,
				2FC9218A9D25DE8D6E850B89 /* RouteCompactor.swift */,
				397AD91D774C756080915483 /* TripEndpointLabel.swift */,
				8AD66E5B85706FD7B8AF1BDA /* TripRecorder.swift */,
			);
			path = Location;
			sourceTree = "<group>";
		};
		239D624A198C491B8DA98BCF /* MileageRules */ = {
			isa = PBXGroup;
			children = (
				FA6126F9D5753419AEDB490D /* CountryRuleEngine.swift */,
				BE00B3642E52CDF81C8C8610 /* DeclarativeMileageRule.swift */,
				5029ED085643C8C40F6380EF /* MileageRule.swift */,
				8F8D677CC23706EB56B98594 /* RulePackModels.swift */,
				B53CA902313A8F87D5C9C7CB /* RulePackStore.swift */,
				C8F4A997852A3A4F8E3F22D9 /* RulePackUpdater.swift */,
				9FCF59D7BFD64758C1DC6802 /* RulePackVerifier.swift */,
			);
			path = MileageRules;
			sourceTree = "<group>";
		};
		14AD556A15484AAFB99155F0 /* Notifications */ = {
			isa = PBXGroup;
			children = (
				B2C641978A3177839EA9B97D /* NotificationService.swift */,
			);
			path = Notifications;
			sourceTree = "<group>";
		};
		5DE243E6DD9EA0C04F26B6B3 /* Reports */ = {
			isa = PBXGroup;
			children = (
				1EA974A265355559AF24D166 /* CSVExporter.swift */,
				A9B3AB234FAF4698131894ED /* PDFReportRenderer.swift */,
				8F5D6A86E797B9FD7F24A961 /* ReportBuilder.swift */,
				83FCB2606CF090FA4AF98F5B /* ReportPeriod.swift */,
				948781C8CEF4C21EAF7DE76A /* ReportProfile.swift */,
			);
			path = Reports;
			sourceTree = "<group>";
		};
		D50DE3FD867D159E9E3F6C1D /* Subscription */ = {
			isa = PBXGroup;
			children = (
				F2E1B1061E6DF52F45C05A92 /* Entitlement.swift */,
				CE96EEFDEFA77B5F6CC3666E /* ProductIDs.swift */,
				4C59B96AAD2A61186FFDE7C8 /* SubscriptionService.swift */,
			);
			path = Subscription;
			sourceTree = "<group>";
		};
		609874F33224C0C09F1FEE42 /* Services */ = {
			isa = PBXGroup;
			children = (
				61B150C5E566D4DF11FF1CB0 /* LiveActivity */,
				392F9C9696AF1E2273A73625 /* Location */,
				239D624A198C491B8DA98BCF /* MileageRules */,
				14AD556A15484AAFB99155F0 /* Notifications */,
				5DE243E6DD9EA0C04F26B6B3 /* Reports */,
				D50DE3FD867D159E9E3F6C1D /* Subscription */,
			);
			path = Services;
			sourceTree = "<group>";
		};
		B44588583B34AEFB226BCFF7 /* ActiveTrip */ = {
			isa = PBXGroup;
			children = (
				2E1A1EE92FA5C88E1AF4EBE9 /* ActiveTripView.swift */,
				B2AAB81593C0EB576E03D7EF /* TripSummarySheet.swift */,
			);
			path = ActiveTrip;
			sourceTree = "<group>";
		};
		976EFBA7122AD1D6563BC588 /* Clients */ = {
			isa = PBXGroup;
			children = (
				DD5EB183984EF454E83611EF /* ClientsProjectsView.swift */,
			);
			path = Clients;
			sourceTree = "<group>";
		};
		50F986FC4EB6BC19D76D6B0A /* Home */ = {
			isa = PBXGroup;
			children = (
				ECAA908CB653CA32F855DF94 /* HomeModel.swift */,
				6FD9045EF708D43EB57ED36E /* HomeView.swift */,
			);
			path = Home;
			sourceTree = "<group>";
		};
		73FDCE5AC6D6E48185030FD3 /* ManualTrip */ = {
			isa = PBXGroup;
			children = (
				A2883CFECF0B3B036ED73C50 /* ManualTripView.swift */,
			);
			path = ManualTrip;
			sourceTree = "<group>";
		};
		4C18CBDF6886F031DD98218C /* Onboarding */ = {
			isa = PBXGroup;
			children = (
				6C0F316BDDEDD0229391CCA0 /* OnboardingFlow.swift */,
			);
			path = Onboarding;
			sourceTree = "<group>";
		};
		BE8BC377DFC4F2AF4CB325F7 /* Paywall */ = {
			isa = PBXGroup;
			children = (
				6F4E74B8A1B3270ECA197972 /* PaywallPlan.swift */,
				CEB7FD6D0E9A8A53A3C95972 /* PaywallView.swift */,
			);
			path = Paywall;
			sourceTree = "<group>";
		};
		B0EB05AB43577A0E6AB7A5EC /* Reports */ = {
			isa = PBXGroup;
			children = (
				E14E7E9BFCD3A7EC8E4BE4AB /* ReportsView.swift */,
			);
			path = Reports;
			sourceTree = "<group>";
		};
		2C3495591E10CB2A6AB17552 /* Settings */ = {
			isa = PBXGroup;
			children = (
				128876BA9CB203F0B32BD069 /* SettingsView.swift */,
			);
			path = Settings;
			sourceTree = "<group>";
		};
		2F3A2424718081A43EB420E5 /* TripDetail */ = {
			isa = PBXGroup;
			children = (
				AEC4B6AE78B4788D6ECEAEFB /* TripDetailView.swift */,
				9DEC98325EC7F53EA28C99FA /* TripEditor.swift */,
			);
			path = TripDetail;
			sourceTree = "<group>";
		};
		E227DC83D9506D242BA6CCE7 /* Trips */ = {
			isa = PBXGroup;
			children = (
				7AAE44DA5F6E161CF6F83365 /* TripGrouping.swift */,
				B64FB112C588BD1FE22B8D17 /* TripsView.swift */,
			);
			path = Trips;
			sourceTree = "<group>";
		};
		21A42BFD368CBF2C38D1571D /* Vehicles */ = {
			isa = PBXGroup;
			children = (
				115CF5DF4B729AEBE4111D18 /* VehiclesView.swift */,
			);
			path = Vehicles;
			sourceTree = "<group>";
		};
		984D844B917CCD4C29DE2A97 /* Features */ = {
			isa = PBXGroup;
			children = (
				B44588583B34AEFB226BCFF7 /* ActiveTrip */,
				976EFBA7122AD1D6563BC588 /* Clients */,
				50F986FC4EB6BC19D76D6B0A /* Home */,
				73FDCE5AC6D6E48185030FD3 /* ManualTrip */,
				4C18CBDF6886F031DD98218C /* Onboarding */,
				BE8BC377DFC4F2AF4CB325F7 /* Paywall */,
				B0EB05AB43577A0E6AB7A5EC /* Reports */,
				2C3495591E10CB2A6AB17552 /* Settings */,
				2F3A2424718081A43EB420E5 /* TripDetail */,
				E227DC83D9506D242BA6CCE7 /* Trips */,
				21A42BFD368CBF2C38D1571D /* Vehicles */,
			);
			path = Features;
			sourceTree = "<group>";
		};
		B46A6AFB1DC88CE23F6E63F1 /* Shared */ = {
			isa = PBXGroup;
			children = (
				FE67A88587942CD6869C134A /* Enums.swift */,
				1C20DA7A0342F6845231BEAC /* TripAttributes.swift */,
				F084A37211B7023A9F906223 /* WidgetSnapshot.swift */,
			);
			path = Shared;
			sourceTree = "<group>";
		};
		939F479E5251120C7CD6A9EF /* Fixtures */ = {
			isa = PBXGroup;
			children = (
				C5B87813E46E7FAA074042AE /* RouteFixtures.swift */,
			);
			path = Fixtures;
			sourceTree = "<group>";
		};
		74C0354F987B4FC0FDE2C044 /* Tests */ = {
			isa = PBXGroup;
			children = (
				939F479E5251120C7CD6A9EF /* Fixtures */,
				0AC69304BE399BD369A7729E /* AccessPolicyTests.swift */,
				A5D0C5D24848D735C4293345 /* CarPlayAutoStartTests.swift */,
				472A3B3825186444B07B5ED4 /* ContrastTests.swift */,
				A5D6D8ABE5109A1FC1B2BACF /* CumulativeYearTests.swift */,
				C229FB705359905BD9890E0F /* CurrencyAndUnitTests.swift */,
				BDFB0B89ACB1623A93C91C49 /* EntitlementTests.swift */,
				7D05E528024AA1A7F594A935 /* FormattingTests.swift */,
				BFC138E8272380521D281E57 /* FrequentLocationTests.swift */,
				130EC405E03FC44301BC91F3 /* LocalizationTests.swift */,
				61E637C1349819DD9FE88137 /* LocationFilterTests.swift */,
				7C9D22F98FBAA9A7C7EF9230 /* MileageCalculationTests.swift */,
				3DFE40D78BA8B97F13C3C19B /* PersistenceTests.swift */,
				399A886023A07C16F0DE0D2A /* ReportTests.swift */,
				B0880E6C365BCC9F1C45D57B /* RouteCompactorTests.swift */,
				769B5FC4DF790C16FCACEDF2 /* RulePackTests.swift */,
				3F06CA12FCDAA706F44E5ADE /* RulePackUpdateTests.swift */,
				B68DB5E72AFF428F5E3086EA /* SmokeTests.swift */,
				289B64711928B877FD8DDEEC /* SubscriptionTests.swift */,
				789B254A5C1E205D289C8960 /* TaxYearAndCapsTests.swift */,
				7CBECF3DABA2783CD00B0FEF /* TestDoubles.swift */,
				1D73395EA8332DDD92A4C45D /* TripEndpointLabelTests.swift */,
				20EF891AE43EE400CA3F13DB /* TripGroupingTests.swift */,
				4D284F0718C875BEBC8A389A /* TripRecorderTests.swift */,
			);
			path = Tests;
			sourceTree = "<group>";
		};
		055C91336A1BA92BA225F99B /* UITests */ = {
			isa = PBXGroup;
			children = (
				E90E39E390D840036CEECC96 /* LaunchUITests.swift */,
				6F10061DFC9A55731D6762AC /* PaywallUITests.swift */,
				772E7A8B996007A055835216 /* RawKeyUITests.swift */,
				30594C9B775BABE7D4D0B9D8 /* TripDeletionUITests.swift */,
				8752E4FB332B0063209B8F57 /* TripFlowUITests.swift */,
				670A6678249D2849C2BC6FA4 /* UITestSupport.swift */,
			);
			path = UITests;
			sourceTree = "<group>";
		};
		9B02901D8C3A086C40FA433D /* MileageWidgets */ = {
			isa = PBXGroup;
			children = (
				01A2568E9CF48123B937E7F9 /* Info.plist */,
				43E4F0715FD68B62A245E5C2 /* MileageWidgets.entitlements */,
				E0334A110FC805D6538BA821 /* MileageWidgetsBundle.swift */,
				6D80905CB586F9F3FB844AAD /* StartTripWidget.swift */,
				03E9038CCAF678F8ABC8DF7D /* TripLiveActivity.swift */,
			);
			path = MileageWidgets;
			sourceTree = "<group>";
		};
		4541A46D5097AB86EF55A621 /* Resources */ = {
			isa = PBXGroup;
			children = (
				8D7172619DB15AD08404D409 /* Assets.xcassets */,
				4F3133CB82A42C2405ECFE76 /* Localizable.xcstrings */,
				7B6FF51FE076902715B4B924 /* InfoPlist.xcstrings */,
				4A32475C0821BB76773C2A37 /* MileageRules */,
				2E88A5130923D54E34C2E978 /* PrivacyInfo.xcprivacy */,
			);
			path = Resources;
			sourceTree = "<group>";
		};
		D5B807729C9161D8C6C93C82 /* Config */ = {
			isa = PBXGroup;
			children = (
				69723CF8402E36BAC8CDCD90 /* Base.xcconfig */,
				6A5BEAA81BEC2CD3BA9D651B /* Debug.xcconfig */,
				D6F9158E9B5A9C0C71EA5A96 /* Release.xcconfig */,
				2326609D0AB94C0E6E60D39A /* MileagePocket.storekit */,
			);
			path = Config;
			sourceTree = "<group>";
		};
		72A79544FC4DD10045022645 /* Products */ = {
			isa = PBXGroup;
			children = (
				996AD237BC284D463E664FFE /* MileagePocket.app */,
				BD5FEB36355BB38F98691943 /* MileagePocketTests.xctest */,
				AE9198967288169819E0B4CF /* MileagePocketUITests.xctest */,
				0FD7488223EA0E20BD335592 /* MileageWidgetsExtension.appex */,
			);
			name = Products;
			sourceTree = "<group>";
		};
		71DC27D9F8E3B109C877BFC4 = {
			isa = PBXGroup;
			children = (
				D1D0524B025E57AFFF263442 /* App */,
				35D315DEBBF45F223B169A61 /* Core */,
				A1C86A29E589D48EC70B6A32 /* Models */,
				609874F33224C0C09F1FEE42 /* Services */,
				984D844B917CCD4C29DE2A97 /* Features */,
				B46A6AFB1DC88CE23F6E63F1 /* Shared */,
				4541A46D5097AB86EF55A621 /* Resources */,
				D5B807729C9161D8C6C93C82 /* Config */,
				74C0354F987B4FC0FDE2C044 /* Tests */,
				055C91336A1BA92BA225F99B /* UITests */,
				9B02901D8C3A086C40FA433D /* MileageWidgets */,
				72A79544FC4DD10045022645 /* Products */,
			);
			sourceTree = "<group>";
		};
/* End PBXGroup section */

/* Begin PBXNativeTarget section */
		F01C2E624E08A72BC055B46F /* MileagePocket */ = {
			isa = PBXNativeTarget;
			buildConfigurationList = F2EF0BFE4C820F767E4303FC /* Build configuration list for PBXNativeTarget "MileagePocket" */;
			buildPhases = (
				C197A1D4E0DE673615AC32CB /* Sources */,
				4FCBC29864E7C7752B7E193F /* Frameworks */,
				8A6A452CEE30B0908A47D41D /* Resources */,
				043755FD70D1BC6911EA5114 /* Embed Foundation Extensions */,
			);
			buildRules = (
			);
			dependencies = (
				C66FC03D90E8D27C6D69B37D /* PBXTargetDependency */,
			);
			name = MileagePocket;
			packageProductDependencies = (
			);
			productName = MileagePocket;
			productReference = 996AD237BC284D463E664FFE /* MileagePocket.app */;
			productType = "com.apple.product-type.application";
		};
		C706FA839F4C1F2316B35783 /* MileagePocketTests */ = {
			isa = PBXNativeTarget;
			buildConfigurationList = 1E47EEC85B4E560F9CFE8E0B /* Build configuration list for PBXNativeTarget "MileagePocketTests" */;
			buildPhases = (
				0D9FED2C54C8F345B7A1EB3B /* Sources */,
				79A4D45905684BD40D53A6E7 /* Frameworks */,
			);
			buildRules = (
			);
			dependencies = (
				247A6BBCA06A48AE23549A72 /* PBXTargetDependency */,
			);
			name = MileagePocketTests;
			productName = MileagePocketTests;
			productReference = BD5FEB36355BB38F98691943 /* MileagePocketTests.xctest */;
			productType = "com.apple.product-type.bundle.unit-test";
		};
		3A64ECAF98DFAF2BC218DB7D /* MileagePocketUITests */ = {
			isa = PBXNativeTarget;
			buildConfigurationList = BB3FC849264C103FB920607D /* Build configuration list for PBXNativeTarget "MileagePocketUITests" */;
			buildPhases = (
				E39ACA072C01855A3935210B /* Sources */,
				1C25C44B845A804078C60F75 /* Frameworks */,
			);
			buildRules = (
			);
			dependencies = (
				64FE1E83ACE8FD07EEDD4408 /* PBXTargetDependency */,
			);
			name = MileagePocketUITests;
			productName = MileagePocketUITests;
			productReference = AE9198967288169819E0B4CF /* MileagePocketUITests.xctest */;
			productType = "com.apple.product-type.bundle.ui-testing";
		};
		D627CACEBFAAA465612B83CD /* MileageWidgetsExtension */ = {
			isa = PBXNativeTarget;
			buildConfigurationList = 05D4D9E5546F0106138EA15F /* Build configuration list for PBXNativeTarget "MileageWidgetsExtension" */;
			buildPhases = (
				E2F56E4F641B0C97C58C11A5 /* Sources */,
				F2459633578009F3E492FB24 /* Frameworks */,
				8894B6517AEC09E6A28B351A /* Resources */,
			);
			buildRules = (
			);
			dependencies = (
			);
			name = "MileageWidgetsExtension";
			productName = "MileageWidgetsExtension";
			productReference = 0FD7488223EA0E20BD335592 /* MileageWidgetsExtension.appex */;
			productType = "com.apple.product-type.app-extension";
		};
/* End PBXNativeTarget section */

/* Begin PBXProject section */
		46F86FAA6BBF9AC94A7E4595 /* Project object */ = {
			isa = PBXProject;
			attributes = {
				BuildIndependentTargetsInParallel = 1;
				LastSwiftUpdateCheck = 1620;
				LastUpgradeCheck = 1620;
				TargetAttributes = {
					F01C2E624E08A72BC055B46F = {
						CreatedOnToolsVersion = 16.2;
					};
					C706FA839F4C1F2316B35783 = {
						CreatedOnToolsVersion = 16.2;
						TestTargetID = F01C2E624E08A72BC055B46F;
					};
					3A64ECAF98DFAF2BC218DB7D = {
						CreatedOnToolsVersion = 16.2;
						TestTargetID = F01C2E624E08A72BC055B46F;
					};
					D627CACEBFAAA465612B83CD = {
						CreatedOnToolsVersion = 16.2;
					};
				};
			};
			buildConfigurationList = 32D42B6A09FA42C6EFFC8E0F /* Build configuration list for PBXProject "MileagePocket" */;
			compatibilityVersion = "Xcode 14.0";
			developmentRegion = fr;
			hasScannedForEncodings = 0;
			knownRegions = (
				fr,
				en,
				es,
				de,
				pt,
				Base,
			);
			mainGroup = 71DC27D9F8E3B109C877BFC4;
			packageReferences = (
			);
			productRefGroup = 72A79544FC4DD10045022645 /* Products */;
			projectDirPath = "";
			projectRoot = "";
			targets = (
				F01C2E624E08A72BC055B46F /* MileagePocket */,
				C706FA839F4C1F2316B35783 /* MileagePocketTests */,
				3A64ECAF98DFAF2BC218DB7D /* MileagePocketUITests */,
				D627CACEBFAAA465612B83CD /* MileageWidgetsExtension */,
			);
		};
/* End PBXProject section */

/* Begin PBXContainerItemProxy section */
		920737C8D557D5379CE05229 /* PBXContainerItemProxy */ = {
			isa = PBXContainerItemProxy;
			containerPortal = 46F86FAA6BBF9AC94A7E4595 /* Project object */;
			proxyType = 1;
			remoteGlobalIDString = F01C2E624E08A72BC055B46F;
			remoteInfo = MileagePocket;
		};
		43D59B57D278DB0F0D7DBEC9 /* PBXContainerItemProxy */ = {
			isa = PBXContainerItemProxy;
			containerPortal = 46F86FAA6BBF9AC94A7E4595 /* Project object */;
			proxyType = 1;
			remoteGlobalIDString = F01C2E624E08A72BC055B46F;
			remoteInfo = MileagePocket;
		};
		BC6137B680EE998CED07CAC9 /* PBXContainerItemProxy */ = {
			isa = PBXContainerItemProxy;
			containerPortal = 46F86FAA6BBF9AC94A7E4595 /* Project object */;
			proxyType = 1;
			remoteGlobalIDString = D627CACEBFAAA465612B83CD;
			remoteInfo = "MileageWidgetsExtension";
		};
/* End PBXContainerItemProxy section */

/* Begin PBXTargetDependency section */
		247A6BBCA06A48AE23549A72 /* PBXTargetDependency */ = {
			isa = PBXTargetDependency;
			target = F01C2E624E08A72BC055B46F /* MileagePocket */;
			targetProxy = 920737C8D557D5379CE05229 /* PBXContainerItemProxy */;
		};
		64FE1E83ACE8FD07EEDD4408 /* PBXTargetDependency */ = {
			isa = PBXTargetDependency;
			target = F01C2E624E08A72BC055B46F /* MileagePocket */;
			targetProxy = 43D59B57D278DB0F0D7DBEC9 /* PBXContainerItemProxy */;
		};
		C66FC03D90E8D27C6D69B37D /* PBXTargetDependency */ = {
			isa = PBXTargetDependency;
			target = D627CACEBFAAA465612B83CD /* MileageWidgetsExtension */;
			targetProxy = BC6137B680EE998CED07CAC9 /* PBXContainerItemProxy */;
		};
/* End PBXTargetDependency section */

/* Begin PBXResourcesBuildPhase section */
		8A6A452CEE30B0908A47D41D /* Resources */ = {
			isa = PBXResourcesBuildPhase;
			buildActionMask = 2147483647;
			files = (
				6DD9C133694F74FB87B20B01 /* Assets.xcassets in Resources */,
				D882B008C8E1D607AFA93F38 /* Localizable.xcstrings in Resources */,
				37AD15CBB45A7E1CED670B94 /* InfoPlist.xcstrings in Resources */,
				864599333688A266162B406F /* MileageRules in Resources */,
				554CEEBAE74D382D7013D462 /* PrivacyInfo.xcprivacy in Resources */,
				5FDA17AE7DAF525F7B2F3ACD /* MileagePocket.storekit in Resources */,
			);
			runOnlyForDeploymentPostprocessing = 0;
		};
		8894B6517AEC09E6A28B351A /* Resources */ = {
			isa = PBXResourcesBuildPhase;
			buildActionMask = 2147483647;
			files = (
				4B527C71D042567659B47598 /* Localizable.xcstrings in Resources */,
			);
			runOnlyForDeploymentPostprocessing = 0;
		};
/* End PBXResourcesBuildPhase section */

/* Begin PBXSourcesBuildPhase section */
		C197A1D4E0DE673615AC32CB /* Sources */ = {
			isa = PBXSourcesBuildPhase;
			buildActionMask = 2147483647;
			files = (
				1F0E78A97F4997F95C5D344A /* AppDependencies+Data.swift in Sources */,
				3DF9A6B358C46200A16559E9 /* AppDependencies.swift in Sources */,
				653ABD036BCC19A5F090068E /* MainTabView.swift in Sources */,
				020ADF5043E5591121EA4BD5 /* MileagePocketApp.swift in Sources */,
				89747BD45088447E6FD467BE /* RootView.swift in Sources */,
				5C3DC335B9A9F6E534FAE8FE /* AccessPolicy.swift in Sources */,
				16B6F9E629335424C93EE433 /* InstallDateStore.swift in Sources */,
				E46D0B7516DC3E3796E7EC0B /* CountryCatalog.swift in Sources */,
				47DC2F36564B3FF750CDF14B /* DemoMode.swift in Sources */,
				1A0DBB9334581BB5FC6198D4 /* Components.swift in Sources */,
				AF77CB0A3DE5173629913F5A /* Theme.swift in Sources */,
				5486E0F2B4402DBE935D608E /* Typography.swift in Sources */,
				6D82BD41636D8F7D4D19AFD4 /* MeasurementFormatting.swift in Sources */,
				6A6D00F8BBCDEFF5273AA7F5 /* AppLanguage.swift in Sources */,
				6C07FB9F5362170E7C3C4EE2 /* LanguageResolver.swift in Sources */,
				5746F1CD8149E292DCF88676 /* LocalizationService.swift in Sources */,
				49B4418C51F9DBC8BEBF288D /* LocalizedBundle.swift in Sources */,
				1E1F8E202DC1CAFEB54653A6 /* CloudKitAvailability.swift in Sources */,
				DFB9952C70002583613E6AAF /* DeviceIdentity.swift in Sources */,
				2F14CA0D691B2FCE4E62F32A /* PersistenceController.swift in Sources */,
				DE9A8826C492537B0D7510A9 /* SettingsStore.swift in Sources */,
				8E66345AEEE7E3741E5957D4 /* ActiveTripState.swift in Sources */,
				069BE0D78D0AF40FDA810A4E /* Client.swift in Sources */,
				1272EAF2ED3B9F7CADA5F57C /* FrequentLocation.swift in Sources */,
				5C8239557C3469D30947DF96 /* LocationPoint.swift in Sources */,
				516B2493E8A3943EA909C8A7 /* Project.swift in Sources */,
				A48199DD00EBA99735F68C9C /* Trip.swift in Sources */,
				1F7E764F9680DDE1EB6E4E71 /* UserSettings.swift in Sources */,
				FCB4E4D5DEA7BB01B1FFA1EF /* Vehicle.swift in Sources */,
				F5B3C6F99543D5667B701672 /* TripActivityController.swift in Sources */,
				F5EE5791B8102604EB998A52 /* CarConnectionMonitor.swift in Sources */,
				C7E76DACAD793D46C87907B8 /* CoreLocationProvider.swift in Sources */,
				5D62252CAB003A97D406A640 /* FrequentLocationMatcher.swift in Sources */,
				BED1DBF53392AF461AB11404 /* GeocodingService.swift in Sources */,
				B83F5708A27BBF1D027AF3C5 /* Geodesy.swift in Sources */,
				AFC3B381ADA4E0D03EEB2CE6 /* LocationFilter.swift in Sources */,
				23638FC08D9A8DBFA7D6031E /* LocationSample+CoreLocation.swift in Sources */,
				5225A3D98A585B9475F0CD6E /* LocationSample.swift in Sources */,
				D7AB4AFF8A5416658A9060F9 /* RouteCompactor.swift in Sources */,
				2FEC4ECE7FB390B82BBD2E4F /* TripEndpointLabel.swift in Sources */,
				5B8D3E67ACEE7B8B7BE72FF5 /* TripRecorder.swift in Sources */,
				38F3832C5506C8C838966ADF /* CountryRuleEngine.swift in Sources */,
				F921308F8D76E90AF60508C1 /* DeclarativeMileageRule.swift in Sources */,
				4FA889FAB6D973A893D6C59F /* MileageRule.swift in Sources */,
				C47363A8CEACE29FD8EFE40F /* RulePackModels.swift in Sources */,
				B5A5CC55302FDB720AC66627 /* RulePackStore.swift in Sources */,
				6C973F6160A4D035A9B6DA58 /* RulePackUpdater.swift in Sources */,
				C2405DA2B5F1637ED93AEE9F /* RulePackVerifier.swift in Sources */,
				AA45950A8F00ABB3FA128D62 /* NotificationService.swift in Sources */,
				F28A1586F4CDBF9DDC997DB0 /* CSVExporter.swift in Sources */,
				4FDC36D64E9CD5121991C621 /* PDFReportRenderer.swift in Sources */,
				011231FBD64DBABADBCC6DBF /* ReportBuilder.swift in Sources */,
				3992D23D26842E349AC44D13 /* ReportPeriod.swift in Sources */,
				9FD98709796B9CCB5FFACBD2 /* ReportProfile.swift in Sources */,
				29D7A0F6B67F3BAB0E8B53F1 /* Entitlement.swift in Sources */,
				64FCF737CDF73686D8985C51 /* ProductIDs.swift in Sources */,
				A22366A75AF0479BBABE11C8 /* SubscriptionService.swift in Sources */,
				F17E1FF21AEFD508D98FE243 /* ActiveTripView.swift in Sources */,
				0FFD5CFDE3DC661BF646AD57 /* TripSummarySheet.swift in Sources */,
				89793DCF92787AC9AC14FBF7 /* ClientsProjectsView.swift in Sources */,
				B20222560B42EF3C79005211 /* HomeModel.swift in Sources */,
				B1A859552A1AEF6EB68ED4D0 /* HomeView.swift in Sources */,
				ACC0652660957FAFA29F0DF2 /* ManualTripView.swift in Sources */,
				F3741C6DD23CA432D6B28307 /* OnboardingFlow.swift in Sources */,
				DEF2A19C29DE91A295B79A33 /* PaywallPlan.swift in Sources */,
				BEC5681829A0ECE0D03D48BA /* PaywallView.swift in Sources */,
				E2DEBF65B7107C0E2E32A214 /* ReportsView.swift in Sources */,
				1E5E0DE4CAC29DF40EEDD361 /* SettingsView.swift in Sources */,
				854FB6C8E0DAC16455954B6E /* TripDetailView.swift in Sources */,
				A3072D13D0ACC2017A4E73EF /* TripEditor.swift in Sources */,
				E73BDFE18FFD115BB3CD8BF4 /* TripGrouping.swift in Sources */,
				4815DD6C39AC4294786A6F06 /* TripsView.swift in Sources */,
				4729C85245778FE6CB6FB03B /* VehiclesView.swift in Sources */,
				BD1B87C04C8A0DCEAD2B7605 /* Enums.swift in Sources */,
				AF0E610812D4C691BD950FDB /* TripAttributes.swift in Sources */,
				5458DCE7E46C41FAAC383229 /* WidgetSnapshot.swift in Sources */,
			);
			runOnlyForDeploymentPostprocessing = 0;
		};
		0D9FED2C54C8F345B7A1EB3B /* Sources */ = {
			isa = PBXSourcesBuildPhase;
			buildActionMask = 2147483647;
			files = (
				3FEE178C5A0526B3AF075A11 /* AccessPolicyTests.swift in Sources */,
				C70EB58EF292C09B456A08ED /* CarPlayAutoStartTests.swift in Sources */,
				499B77459AFD6C13E8B781DC /* ContrastTests.swift in Sources */,
				FBEF8D99135EC76642BE559D /* CumulativeYearTests.swift in Sources */,
				5F95D0EB566F32B1E2D3B41D /* CurrencyAndUnitTests.swift in Sources */,
				35F584CAFA7C92AB92FC187B /* EntitlementTests.swift in Sources */,
				63FA1168F6F86336DE2D605A /* FormattingTests.swift in Sources */,
				B77BCC1AF35F759FDE1BCF97 /* FrequentLocationTests.swift in Sources */,
				60D431B3BDA8A9C02CA1BB97 /* LocalizationTests.swift in Sources */,
				79FCA43F1C7D1DEDE5260888 /* LocationFilterTests.swift in Sources */,
				504EA073300EB6D94E80C926 /* MileageCalculationTests.swift in Sources */,
				29F01CF783864F75F09713A8 /* PersistenceTests.swift in Sources */,
				8CE47921986DAC1F3107C529 /* ReportTests.swift in Sources */,
				0E860F49CCD87C75481C71AA /* RouteCompactorTests.swift in Sources */,
				996305294A1DD93E6593CD58 /* RulePackTests.swift in Sources */,
				F8B5BBFA10483956BFBE983F /* RulePackUpdateTests.swift in Sources */,
				29A5868AA8CEC5A213EE6942 /* SmokeTests.swift in Sources */,
				4ABED5DA3350D8C5A2B9CDC9 /* SubscriptionTests.swift in Sources */,
				CBF3B6758DF970C00DB25CB0 /* TaxYearAndCapsTests.swift in Sources */,
				755588AC2A96A74D4392693B /* TestDoubles.swift in Sources */,
				1068DB8C9B49E708FC261DF1 /* TripEndpointLabelTests.swift in Sources */,
				4EBFCC94CE9B21EB8ECD38E0 /* TripGroupingTests.swift in Sources */,
				6047EEDF4BBBB862A9F44E5A /* TripRecorderTests.swift in Sources */,
				547BCB0E5CF93F5A6F0F4116 /* RouteFixtures.swift in Sources */,
			);
			runOnlyForDeploymentPostprocessing = 0;
		};
		E39ACA072C01855A3935210B /* Sources */ = {
			isa = PBXSourcesBuildPhase;
			buildActionMask = 2147483647;
			files = (
				F0025C42060801CFFFC5E033 /* LaunchUITests.swift in Sources */,
				D40B5893CDDDB9BB012E05AB /* PaywallUITests.swift in Sources */,
				2B7B1371DC73B2FBA38EB4B1 /* RawKeyUITests.swift in Sources */,
				2DDC6CA1E9143B5E60C91066 /* TripDeletionUITests.swift in Sources */,
				D553574BDD7371DCAEDE6529 /* TripFlowUITests.swift in Sources */,
				CFE5743C0B854222020EBF4E /* UITestSupport.swift in Sources */,
			);
			runOnlyForDeploymentPostprocessing = 0;
		};
		E2F56E4F641B0C97C58C11A5 /* Sources */ = {
			isa = PBXSourcesBuildPhase;
			buildActionMask = 2147483647;
			files = (
				B60875E6FC9F564EB3F1FECC /* MileageWidgetsBundle.swift in Sources */,
				CFCD64957A5A8FF1031E8E99 /* StartTripWidget.swift in Sources */,
				F98F180A21F88E7E9433F27E /* TripLiveActivity.swift in Sources */,
				797A21C09AFA98EFD138FE24 /* Enums.swift in Sources */,
				8131563D57E013CEA28FA5E6 /* TripAttributes.swift in Sources */,
				4922DC7AE90B54D2AA40B76F /* WidgetSnapshot.swift in Sources */,
			);
			runOnlyForDeploymentPostprocessing = 0;
		};
/* End PBXSourcesBuildPhase section */

/* Begin XCBuildConfiguration section */
		BF20ADA4BADCE0D874998719 /* Debug */ = {
			isa = XCBuildConfiguration;
			baseConfigurationReference = 6A5BEAA81BEC2CD3BA9D651B /* Debug.xcconfig */;
			buildSettings = {
				ALWAYS_SEARCH_USER_PATHS = NO;
				CLANG_ANALYZER_NONNULL = YES;
				CLANG_ENABLE_MODULES = YES;
				CLANG_ENABLE_OBJC_ARC = YES;
				ENABLE_STRICT_OBJC_MSGSEND = YES;
				GCC_C_LANGUAGE_STANDARD = gnu17;
				GCC_NO_COMMON_BLOCKS = YES;
				MTL_FAST_MATH = YES;
				SDKROOT = iphoneos;
				SWIFT_EMIT_LOC_STRINGS = YES;
				DEBUG_INFORMATION_FORMAT = dwarf;
				ENABLE_TESTABILITY = YES;
				GCC_OPTIMIZATION_LEVEL = 0;
				GCC_PREPROCESSOR_DEFINITIONS = ("DEBUG=1", "$(inherited)");
				ONLY_ACTIVE_ARCH = YES;
				SWIFT_ACTIVE_COMPILATION_CONDITIONS = "DEBUG $(inherited)";
				SWIFT_OPTIMIZATION_LEVEL = "-Onone";
			};
			name = Debug;
		};
		D247EF59B93D2323D10271C0 /* Release */ = {
			isa = XCBuildConfiguration;
			baseConfigurationReference = D6F9158E9B5A9C0C71EA5A96 /* Release.xcconfig */;
			buildSettings = {
				ALWAYS_SEARCH_USER_PATHS = NO;
				CLANG_ANALYZER_NONNULL = YES;
				CLANG_ENABLE_MODULES = YES;
				CLANG_ENABLE_OBJC_ARC = YES;
				ENABLE_STRICT_OBJC_MSGSEND = YES;
				GCC_C_LANGUAGE_STANDARD = gnu17;
				GCC_NO_COMMON_BLOCKS = YES;
				MTL_FAST_MATH = YES;
				SDKROOT = iphoneos;
				SWIFT_EMIT_LOC_STRINGS = YES;
				DEBUG_INFORMATION_FORMAT = "dwarf-with-dsym";
				ENABLE_NS_ASSERTIONS = NO;
				SWIFT_COMPILATION_MODE = wholemodule;
			};
			name = Release;
		};
		0734E3BF1D7D1FE519145A53 /* Debug */ = {
			isa = XCBuildConfiguration;
			buildSettings = {
				ASSETCATALOG_COMPILER_APPICON_NAME = AppIcon;
				ASSETCATALOG_COMPILER_GLOBAL_ACCENT_COLOR_NAME = AccentColor;
				CODE_SIGN_ENTITLEMENTS = "App/MileagePocket.entitlements";
				ENABLE_PREVIEWS = YES;
				GENERATE_INFOPLIST_FILE = NO;
				INFOPLIST_FILE = "App/Info.plist";
				LD_RUNPATH_SEARCH_PATHS = ("$(inherited)", "@executable_path/Frameworks");
				PRODUCT_BUNDLE_IDENTIFIER = "$(BUNDLE_IDENTIFIER)";
				PRODUCT_NAME = "$(TARGET_NAME)";
				TARGETED_DEVICE_FAMILY = "1";
			};
			name = Debug;
		};
		A44521F7D7D0FB5F7D3840DB /* Release */ = {
			isa = XCBuildConfiguration;
			buildSettings = {
				ASSETCATALOG_COMPILER_APPICON_NAME = AppIcon;
				ASSETCATALOG_COMPILER_GLOBAL_ACCENT_COLOR_NAME = AccentColor;
				CODE_SIGN_ENTITLEMENTS = "App/MileagePocket.entitlements";
				ENABLE_PREVIEWS = YES;
				GENERATE_INFOPLIST_FILE = NO;
				INFOPLIST_FILE = "App/Info.plist";
				LD_RUNPATH_SEARCH_PATHS = ("$(inherited)", "@executable_path/Frameworks");
				PRODUCT_BUNDLE_IDENTIFIER = "$(BUNDLE_IDENTIFIER)";
				PRODUCT_NAME = "$(TARGET_NAME)";
				TARGETED_DEVICE_FAMILY = "1";
				CODE_SIGN_STYLE = Manual;
				CODE_SIGN_IDENTITY = "Apple Distribution";
				PROVISIONING_PROFILE_SPECIFIER = "MileagePocket AppStore";
				DEVELOPMENT_TEAM = 2E6D4Q69QB;
			};
			name = Release;
		};
		DD9E53A751D12837D49CD913 /* Debug */ = {
			isa = XCBuildConfiguration;
			buildSettings = {
				BUNDLE_LOADER = "$(TEST_HOST)";
				GENERATE_INFOPLIST_FILE = YES;
				LD_RUNPATH_SEARCH_PATHS = ("$(inherited)", "@executable_path/Frameworks", "@loader_path/Frameworks");
				PRODUCT_BUNDLE_IDENTIFIER = "$(BUNDLE_IDENTIFIER).tests";
				PRODUCT_NAME = "$(TARGET_NAME)";
				TARGETED_DEVICE_FAMILY = "1";
				TEST_HOST = "$(BUILT_PRODUCTS_DIR)/MileagePocket.app/MileagePocket";
			};
			name = Debug;
		};
		89AB91E29179479D5B63A0C6 /* Release */ = {
			isa = XCBuildConfiguration;
			buildSettings = {
				BUNDLE_LOADER = "$(TEST_HOST)";
				GENERATE_INFOPLIST_FILE = YES;
				LD_RUNPATH_SEARCH_PATHS = ("$(inherited)", "@executable_path/Frameworks", "@loader_path/Frameworks");
				PRODUCT_BUNDLE_IDENTIFIER = "$(BUNDLE_IDENTIFIER).tests";
				PRODUCT_NAME = "$(TARGET_NAME)";
				TARGETED_DEVICE_FAMILY = "1";
				TEST_HOST = "$(BUILT_PRODUCTS_DIR)/MileagePocket.app/MileagePocket";
			};
			name = Release;
		};
		5D682867634DB5F9CBC6A64B /* Debug */ = {
			isa = XCBuildConfiguration;
			buildSettings = {
				GENERATE_INFOPLIST_FILE = YES;
				LD_RUNPATH_SEARCH_PATHS = ("$(inherited)", "@executable_path/Frameworks", "@loader_path/Frameworks");
				PRODUCT_BUNDLE_IDENTIFIER = "$(BUNDLE_IDENTIFIER).uitests";
				PRODUCT_NAME = "$(TARGET_NAME)";
				TARGETED_DEVICE_FAMILY = "1";
				TEST_TARGET_NAME = MileagePocket;
			};
			name = Debug;
		};
		768ED6BC1035E3F4882E0565 /* Release */ = {
			isa = XCBuildConfiguration;
			buildSettings = {
				GENERATE_INFOPLIST_FILE = YES;
				LD_RUNPATH_SEARCH_PATHS = ("$(inherited)", "@executable_path/Frameworks", "@loader_path/Frameworks");
				PRODUCT_BUNDLE_IDENTIFIER = "$(BUNDLE_IDENTIFIER).uitests";
				PRODUCT_NAME = "$(TARGET_NAME)";
				TARGETED_DEVICE_FAMILY = "1";
				TEST_TARGET_NAME = MileagePocket;
			};
			name = Release;
		};
		F0330D309D531DF40A196E5F /* Debug */ = {
			isa = XCBuildConfiguration;
			buildSettings = {
				CODE_SIGN_ENTITLEMENTS = "MileageWidgets/MileageWidgets.entitlements";
				GENERATE_INFOPLIST_FILE = NO;
				INFOPLIST_FILE = "MileageWidgets/Info.plist";
				INFOPLIST_KEY_CFBundleDisplayName = "MileageWidgetsExtension";
				LD_RUNPATH_SEARCH_PATHS = ("$(inherited)", "@executable_path/Frameworks", "@executable_path/../../Frameworks");
				PRODUCT_BUNDLE_IDENTIFIER = "$(BUNDLE_IDENTIFIER).widgets";
				PRODUCT_NAME = "$(TARGET_NAME)";
				SDKROOT = iphoneos;
				SKIP_INSTALL = YES;
				TARGETED_DEVICE_FAMILY = "1";
				IPHONEOS_DEPLOYMENT_TARGET = 18.0;
			};
			name = Debug;
		};
		E0F31FB4E6DB1B232AA9B8AE /* Release */ = {
			isa = XCBuildConfiguration;
			buildSettings = {
				CODE_SIGN_ENTITLEMENTS = "MileageWidgets/MileageWidgets.entitlements";
				GENERATE_INFOPLIST_FILE = NO;
				INFOPLIST_FILE = "MileageWidgets/Info.plist";
				INFOPLIST_KEY_CFBundleDisplayName = "MileageWidgetsExtension";
				LD_RUNPATH_SEARCH_PATHS = ("$(inherited)", "@executable_path/Frameworks", "@executable_path/../../Frameworks");
				PRODUCT_BUNDLE_IDENTIFIER = "$(BUNDLE_IDENTIFIER).widgets";
				PRODUCT_NAME = "$(TARGET_NAME)";
				SDKROOT = iphoneos;
				SKIP_INSTALL = YES;
				TARGETED_DEVICE_FAMILY = "1";
				IPHONEOS_DEPLOYMENT_TARGET = 18.0;
				CODE_SIGN_STYLE = Manual;
				CODE_SIGN_IDENTITY = "Apple Distribution";
				PROVISIONING_PROFILE_SPECIFIER = "MileageWidgets AppStore";
				DEVELOPMENT_TEAM = 2E6D4Q69QB;
			};
			name = Release;
		};
/* End XCBuildConfiguration section */

/* Begin XCConfigurationList section */
		32D42B6A09FA42C6EFFC8E0F /* Build configuration list for PBXProject "MileagePocket" */ = {
			isa = XCConfigurationList;
			buildConfigurations = (
				BF20ADA4BADCE0D874998719 /* Debug */,
				D247EF59B93D2323D10271C0 /* Release */,
			);
			defaultConfigurationIsVisible = 0;
			defaultConfigurationName = Release;
		};
		F2EF0BFE4C820F767E4303FC /* Build configuration list for PBXNativeTarget "MileagePocket" */ = {
			isa = XCConfigurationList;
			buildConfigurations = (
				0734E3BF1D7D1FE519145A53 /* Debug */,
				A44521F7D7D0FB5F7D3840DB /* Release */,
			);
			defaultConfigurationIsVisible = 0;
			defaultConfigurationName = Release;
		};
		1E47EEC85B4E560F9CFE8E0B /* Build configuration list for PBXNativeTarget "MileagePocketTests" */ = {
			isa = XCConfigurationList;
			buildConfigurations = (
				DD9E53A751D12837D49CD913 /* Debug */,
				89AB91E29179479D5B63A0C6 /* Release */,
			);
			defaultConfigurationIsVisible = 0;
			defaultConfigurationName = Release;
		};
		BB3FC849264C103FB920607D /* Build configuration list for PBXNativeTarget "MileagePocketUITests" */ = {
			isa = XCConfigurationList;
			buildConfigurations = (
				5D682867634DB5F9CBC6A64B /* Debug */,
				768ED6BC1035E3F4882E0565 /* Release */,
			);
			defaultConfigurationIsVisible = 0;
			defaultConfigurationName = Release;
		};
		05D4D9E5546F0106138EA15F /* Build configuration list for PBXNativeTarget "MileageWidgetsExtension" */ = {
			isa = XCConfigurationList;
			buildConfigurations = (
				F0330D309D531DF40A196E5F /* Debug */,
				E0F31FB4E6DB1B232AA9B8AE /* Release */,
			);
			defaultConfigurationIsVisible = 0;
			defaultConfigurationName = Release;
		};
/* End XCConfigurationList section */
	};
	rootObject = 46F86FAA6BBF9AC94A7E4595 /* Project object */;
}
